// !$*UTF8*$!
{
	archiveVersion = 1;
	classes = {
	};
	objectVersion = 46;
	objects = {

/* Begin PBXBuildFile section */
		3B0FC95015A5E25D00087094 /* JSONKit.m in Sources */ = {isa = PBXBuildFile; fileRef = 3B0FC94D15A5E25D00087094 /* JSONKit.m */; settings = {COMPILER_FLAGS = "-fno-objc-arc"; }; };
		3B0FC95415A5E33C00087094 /* Security.framework in Frameworks */ = {isa = PBXBuildFile; fileRef = 3B0FC95315A5E33C00087094 /* Security.framework */; };
		3B2713B315A5DE8A007EF05E /* .gitignore in Resources */ = {isa = PBXBuildFile; fileRef = 3B2713A815A5DE8A007EF05E /* .gitignore */; };
		3B2713B415A5DE8A007EF05E /* HttpUserCredentials.m in Sources */ = {isa = PBXBuildFile; fileRef = 3B2713AB15A5DE8A007EF05E /* HttpUserCredentials.m */; };
		3B2713B515A5DE8A007EF05E /* SFHFKeychainUtils.m in Sources */ = {isa = PBXBuildFile; fileRef = 3B2713AD15A5DE8A007EF05E /* SFHFKeychainUtils.m */; settings = {COMPILER_FLAGS = "-fno-objc-arc"; }; };
		3B2713B615A5DE8A007EF05E /* NetworkUtility.m in Sources */ = {isa = PBXBuildFile; fileRef = 3B2713AF15A5DE8A007EF05E /* NetworkUtility.m */; };
		3B2713B815A5DE8A007EF05E /* RemoteNetworkUtility.m in Sources */ = {isa = PBXBuildFile; fileRef = 3B2713B215A5DE8A007EF05E /* RemoteNetworkUtility.m */; };
		3B2BE30D158678B200422193 /* UIKit.framework in Frameworks */ = {isa = PBXBuildFile; fileRef = 3B2BE30C158678B200422193 /* UIKit.framework */; };
		3B2BE30F158678B200422193 /* Foundation.framework in Frameworks */ = {isa = PBXBuildFile; fileRef = 3B2BE30E158678B200422193 /* Foundation.framework */; };
		3B2BE311158678B200422193 /* CoreGraphics.framework in Frameworks */ = {isa = PBXBuildFile; fileRef = 3B2BE310158678B200422193 /* CoreGraphics.framework */; };
		3B2BE313158678B200422193 /* CoreData.framework in Frameworks */ = {isa = PBXBuildFile; fileRef = 3B2BE312158678B200422193 /* CoreData.framework */; };
		3B2BE319158678B200422193 /* InfoPlist.strings in Resources */ = {isa = PBXBuildFile; fileRef = 3B2BE317158678B200422193 /* InfoPlist.strings */; };
		3B2BE31B158678B200422193 /* main.m in Sources */ = {isa = PBXBuildFile; fileRef = 3B2BE31A158678B200422193 /* main.m */; };
		3B2BE31F158678B200422193 /* AppDelegate.m in Sources */ = {isa = PBXBuildFile; fileRef = 3B2BE31E158678B200422193 /* AppDelegate.m */; };
		3B2BE322158678B200422193 /* NewFramework.xcdatamodeld in Sources */ = {isa = PBXBuildFile; fileRef = 3B2BE320158678B200422193 /* NewFramework.xcdatamodeld */; };
		3B2BE32A158678B200422193 /* SenTestingKit.framework in Frameworks */ = {isa = PBXBuildFile; fileRef = 3B2BE329158678B200422193 /* SenTestingKit.framework */; };
		3B2BE32B158678B200422193 /* UIKit.framework in Frameworks */ = {isa = PBXBuildFile; fileRef = 3B2BE30C158678B200422193 /* UIKit.framework */; };
		3B2BE32C158678B200422193 /* Foundation.framework in Frameworks */ = {isa = PBXBuildFile; fileRef = 3B2BE30E158678B200422193 /* Foundation.framework */; };
		3B2BE32D158678B200422193 /* CoreData.framework in Frameworks */ = {isa = PBXBuildFile; fileRef = 3B2BE312158678B200422193 /* CoreData.framework */; };
		3B2BE335158678B200422193 /* InfoPlist.strings in Resources */ = {isa = PBXBuildFile; fileRef = 3B2BE333158678B200422193 /* InfoPlist.strings */; };
		3B2BE338158678B200422193 /* NewFrameworkTests.m in Sources */ = {isa = PBXBuildFile; fileRef = 3B2BE337158678B200422193 /* NewFrameworkTests.m */; };
		3B538B4615A2B2C900744CE3 /* WebController.m in Sources */ = {isa = PBXBuildFile; fileRef = 3B538B4515A2B2C900744CE3 /* WebController.m */; };
		3B538B4915A2B86B00744CE3 /* Loader.m in Sources */ = {isa = PBXBuildFile; fileRef = 3B538B4815A2B86B00744CE3 /* Loader.m */; };
		3B6CABD91590397D00CEF513 /* NSObject+ObjectConfig.m in Sources */ = {isa = PBXBuildFile; fileRef = 3B6CABD61590397D00CEF513 /* NSObject+ObjectConfig.m */; };
		3B6CABDA1590397D00CEF513 /* NSURL+QueryDictionary.m in Sources */ = {isa = PBXBuildFile; fileRef = 3B6CABD81590397D00CEF513 /* NSURL+QueryDictionary.m */; };
		3B6CABDD159039FC00CEF513 /* Functions.m in Sources */ = {isa = PBXBuildFile; fileRef = 3B6CABDC159039FC00CEF513 /* Functions.m */; };
		3B6CABDF15903A3800CEF513 /* Types.h in Resources */ = {isa = PBXBuildFile; fileRef = 3B6CABDE15903A3800CEF513 /* Types.h */; };
		3B6CABF415903E4500CEF513 /* jgestures.min.js in Resources */ = {isa = PBXBuildFile; fileRef = 3B6CABEB15903D0C00CEF513 /* jgestures.min.js */; };
		3B6CABF515903E4500CEF513 /* boot.js in Resources */ = {isa = PBXBuildFile; fileRef = 3B6CABE115903C1800CEF513 /* boot.js */; };
		3B6CABF615903E4500CEF513 /* jquery-1.7.2.min.js in Resources */ = {isa = PBXBuildFile; fileRef = 3B6CABE215903C1800CEF513 /* jquery-1.7.2.min.js */; };
		3B6CABF715903E4500CEF513 /* lib.js in Resources */ = {isa = PBXBuildFile; fileRef = 3B6CABE415903C1800CEF513 /* lib.js */; };
		3B6CABF815903E4500CEF513 /* underscore-min.js in Resources */ = {isa = PBXBuildFile; fileRef = 3B6CABE515903C1800CEF513 /* underscore-min.js */; };
		3B6CABFD15903E8100CEF513 /* framework.css in Resources */ = {isa = PBXBuildFile; fileRef = 3B6CABFC15903E8100CEF513 /* framework.css */; };
		3B6CABFF15903F3A00CEF513 /* bootstrap-responsive.min.css in Resources */ = {isa = PBXBuildFile; fileRef = 3B6CABFE15903F3A00CEF513 /* bootstrap-responsive.min.css */; };
		3B6CAC0215903F8C00CEF513 /* theme-ios.css in Resources */ = {isa = PBXBuildFile; fileRef = 3B6CAC0115903F8C00CEF513 /* theme-ios.css */; };
		3B6CAC04159041EF00CEF513 /* bootstrap.min.css in Resources */ = {isa = PBXBuildFile; fileRef = 3B6CAC03159041EF00CEF513 /* bootstrap.min.css */; };
		3B6CAC081590495800CEF513 /* mustache.js in Resources */ = {isa = PBXBuildFile; fileRef = 3B6CAC061590488F00CEF513 /* mustache.js */; };
		3B6CAC0B15904B3B00CEF513 /* UIWebView+General.m in Sources */ = {isa = PBXBuildFile; fileRef = 3B6CAC0A15904B3B00CEF513 /* UIWebView+General.m */; };
		3B6CAC0E15904E3000CEF513 /* NSString+HTML.m in Sources */ = {isa = PBXBuildFile; fileRef = 3B6CAC0D15904E3000CEF513 /* NSString+HTML.m */; settings = {COMPILER_FLAGS = "-fno-objc-arc"; }; };
		3B6CAC1115904E9D00CEF513 /* GTMNSString+HTML.m in Sources */ = {isa = PBXBuildFile; fileRef = 3B6CAC1015904E9C00CEF513 /* GTMNSString+HTML.m */; settings = {COMPILER_FLAGS = "-fno-objc-arc"; }; };
		3B6CAC14159050B700CEF513 /* disclosure-indicator.png in Resources */ = {isa = PBXBuildFile; fileRef = 3B6CAC13159050B700CEF513 /* disclosure-indicator.png */; };
		3BB191F815902DBF007A5E2C /* Config-AppDelegate.plist in Resources */ = {isa = PBXBuildFile; fileRef = 3BB191F715902DBF007A5E2C /* Config-AppDelegate.plist */; };
		8909FF4C4DAD4A2794921768 /* libPods.a in Frameworks */ = {isa = PBXBuildFile; fileRef = 19AB6604567D4D7DA8617EE8 /* libPods.a */; };
		A1B227BC05AD4F64B9F661CC /* libPods.a in Frameworks */ = {isa = PBXBuildFile; fileRef = 19AB6604567D4D7DA8617EE8 /* libPods.a */; };
/* End PBXBuildFile section */

/* Begin PBXContainerItemProxy section */
		3B2BE32E158678B200422193 /* PBXContainerItemProxy */ = {
			isa = PBXContainerItemProxy;
			containerPortal = 3B2BE2FF158678B100422193 /* Project object */;
			proxyType = 1;
			remoteGlobalIDString = 3B2BE307158678B100422193;
			remoteInfo = NewFramework;
		};
/* End PBXContainerItemProxy section */

/* Begin PBXFileReference section */
		19AB6604567D4D7DA8617EE8 /* libPods.a */ = {isa = PBXFileReference; explicitFileType = archive.ar; includeInIndex = 0; path = libPods.a; sourceTree = BUILT_PRODUCTS_DIR; };
		2888E76D66824F518715A519 /* Pods.xcconfig */ = {isa = PBXFileReference; lastKnownFileType = text.xcconfig; name = Pods.xcconfig; path = Pods/Pods.xcconfig; sourceTree = SOURCE_ROOT; };
		3B0FC94B15A5E25D00087094 /* CHANGELOG.md */ = {isa = PBXFileReference; fileEncoding = 4; lastKnownFileType = text; path = CHANGELOG.md; sourceTree = "<group>"; };
		3B0FC94C15A5E25D00087094 /* JSONKit.h */ = {isa = PBXFileReference; fileEncoding = 4; lastKnownFileType = sourcecode.c.h; path = JSONKit.h; sourceTree = "<group>"; };
		3B0FC94D15A5E25D00087094 /* JSONKit.m */ = {isa = PBXFileReference; fileEncoding = 4; lastKnownFileType = sourcecode.c.objc; path = JSONKit.m; sourceTree = "<group>"; };
		3B0FC94E15A5E25D00087094 /* README.md */ = {isa = PBXFileReference; fileEncoding = 4; lastKnownFileType = text; path = README.md; sourceTree = "<group>"; };
		3B0FC95315A5E33C00087094 /* Security.framework */ = {isa = PBXFileReference; lastKnownFileType = wrapper.framework; name = Security.framework; path = System/Library/Frameworks/Security.framework; sourceTree = SDKROOT; };
		3B2713A815A5DE8A007EF05E /* .gitignore */ = {isa = PBXFileReference; fileEncoding = 4; lastKnownFileType = text; path = .gitignore; sourceTree = "<group>"; };
		3B2713AA15A5DE8A007EF05E /* HttpUserCredentials.h */ = {isa = PBXFileReference; fileEncoding = 4; lastKnownFileType = sourcecode.c.h; path = HttpUserCredentials.h; sourceTree = "<group>"; };
		3B2713AB15A5DE8A007EF05E /* HttpUserCredentials.m */ = {isa = PBXFileReference; fileEncoding = 4; lastKnownFileType = sourcecode.c.objc; path = HttpUserCredentials.m; sourceTree = "<group>"; };
		3B2713AC15A5DE8A007EF05E /* SFHFKeychainUtils.h */ = {isa = PBXFileReference; fileEncoding = 4; lastKnownFileType = sourcecode.c.h; path = SFHFKeychainUtils.h; sourceTree = "<group>"; };
		3B2713AD15A5DE8A007EF05E /* SFHFKeychainUtils.m */ = {isa = PBXFileReference; fileEncoding = 4; lastKnownFileType = sourcecode.c.objc; path = SFHFKeychainUtils.m; sourceTree = "<group>"; };
		3B2713AE15A5DE8A007EF05E /* NetworkUtility.h */ = {isa = PBXFileReference; fileEncoding = 4; lastKnownFileType = sourcecode.c.h; path = NetworkUtility.h; sourceTree = "<group>"; };
		3B2713AF15A5DE8A007EF05E /* NetworkUtility.m */ = {isa = PBXFileReference; fileEncoding = 4; lastKnownFileType = sourcecode.c.objc; path = NetworkUtility.m; sourceTree = "<group>"; };
		3B2713B015A5DE8A007EF05E /* README.md */ = {isa = PBXFileReference; fileEncoding = 4; lastKnownFileType = text; path = README.md; sourceTree = "<group>"; };
		3B2713B115A5DE8A007EF05E /* RemoteNetworkUtility.h */ = {isa = PBXFileReference; fileEncoding = 4; lastKnownFileType = sourcecode.c.h; path = RemoteNetworkUtility.h; sourceTree = "<group>"; };
		3B2713B215A5DE8A007EF05E /* RemoteNetworkUtility.m */ = {isa = PBXFileReference; fileEncoding = 4; lastKnownFileType = sourcecode.c.objc; path = RemoteNetworkUtility.m; sourceTree = "<group>"; };
		3B2BE308158678B200422193 /* NewFramework.app */ = {isa = PBXFileReference; explicitFileType = wrapper.application; includeInIndex = 0; path = NewFramework.app; sourceTree = BUILT_PRODUCTS_DIR; };
		3B2BE30C158678B200422193 /* UIKit.framework */ = {isa = PBXFileReference; lastKnownFileType = wrapper.framework; name = UIKit.framework; path = System/Library/Frameworks/UIKit.framework; sourceTree = SDKROOT; };
		3B2BE30E158678B200422193 /* Foundation.framework */ = {isa = PBXFileReference; lastKnownFileType = wrapper.framework; name = Foundation.framework; path = System/Library/Frameworks/Foundation.framework; sourceTree = SDKROOT; };
		3B2BE310158678B200422193 /* CoreGraphics.framework */ = {isa = PBXFileReference; lastKnownFileType = wrapper.framework; name = CoreGraphics.framework; path = System/Library/Frameworks/CoreGraphics.framework; sourceTree = SDKROOT; };
		3B2BE312158678B200422193 /* CoreData.framework */ = {isa = PBXFileReference; lastKnownFileType = wrapper.framework; name = CoreData.framework; path = System/Library/Frameworks/CoreData.framework; sourceTree = SDKROOT; };
		3B2BE316158678B200422193 /* NewFramework-Info.plist */ = {isa = PBXFileReference; lastKnownFileType = text.plist.xml; path = "NewFramework-Info.plist"; sourceTree = "<group>"; };
		3B2BE318158678B200422193 /* en */ = {isa = PBXFileReference; lastKnownFileType = text.plist.strings; name = en; path = en.lproj/InfoPlist.strings; sourceTree = "<group>"; };
		3B2BE31A158678B200422193 /* main.m */ = {isa = PBXFileReference; lastKnownFileType = sourcecode.c.objc; path = main.m; sourceTree = "<group>"; };
		3B2BE31C158678B200422193 /* NewFramework-Prefix.pch */ = {isa = PBXFileReference; lastKnownFileType = sourcecode.c.h; path = "NewFramework-Prefix.pch"; sourceTree = "<group>"; };
		3B2BE31D158678B200422193 /* AppDelegate.h */ = {isa = PBXFileReference; lastKnownFileType = sourcecode.c.h; path = AppDelegate.h; sourceTree = "<group>"; };
		3B2BE31E158678B200422193 /* AppDelegate.m */ = {isa = PBXFileReference; lastKnownFileType = sourcecode.c.objc; path = AppDelegate.m; sourceTree = "<group>"; };
		3B2BE321158678B200422193 /* NewFramework.xcdatamodel */ = {isa = PBXFileReference; lastKnownFileType = wrapper.xcdatamodel; path = NewFramework.xcdatamodel; sourceTree = "<group>"; };
		3B2BE328158678B200422193 /* NewFrameworkTests.octest */ = {isa = PBXFileReference; explicitFileType = wrapper.cfbundle; includeInIndex = 0; path = NewFrameworkTests.octest; sourceTree = BUILT_PRODUCTS_DIR; };
		3B2BE329158678B200422193 /* SenTestingKit.framework */ = {isa = PBXFileReference; lastKnownFileType = wrapper.framework; name = SenTestingKit.framework; path = Library/Frameworks/SenTestingKit.framework; sourceTree = DEVELOPER_DIR; };
		3B2BE332158678B200422193 /* NewFrameworkTests-Info.plist */ = {isa = PBXFileReference; lastKnownFileType = text.plist.xml; path = "NewFrameworkTests-Info.plist"; sourceTree = "<group>"; };
		3B2BE334158678B200422193 /* en */ = {isa = PBXFileReference; lastKnownFileType = text.plist.strings; name = en; path = en.lproj/InfoPlist.strings; sourceTree = "<group>"; };
		3B2BE336158678B200422193 /* NewFrameworkTests.h */ = {isa = PBXFileReference; lastKnownFileType = sourcecode.c.h; path = NewFrameworkTests.h; sourceTree = "<group>"; };
		3B2BE337158678B200422193 /* NewFrameworkTests.m */ = {isa = PBXFileReference; lastKnownFileType = sourcecode.c.objc; path = NewFrameworkTests.m; sourceTree = "<group>"; };
		3B538B4415A2B2C900744CE3 /* WebController.h */ = {isa = PBXFileReference; fileEncoding = 4; lastKnownFileType = sourcecode.c.h; path = WebController.h; sourceTree = "<group>"; };
		3B538B4515A2B2C900744CE3 /* WebController.m */ = {isa = PBXFileReference; fileEncoding = 4; lastKnownFileType = sourcecode.c.objc; path = WebController.m; sourceTree = "<group>"; };
		3B538B4715A2B86B00744CE3 /* Loader.h */ = {isa = PBXFileReference; fileEncoding = 4; lastKnownFileType = sourcecode.c.h; path = Loader.h; sourceTree = "<group>"; };
		3B538B4815A2B86B00744CE3 /* Loader.m */ = {isa = PBXFileReference; fileEncoding = 4; lastKnownFileType = sourcecode.c.objc; path = Loader.m; sourceTree = "<group>"; };
		3B6CABD51590397D00CEF513 /* NSObject+ObjectConfig.h */ = {isa = PBXFileReference; fileEncoding = 4; lastKnownFileType = sourcecode.c.h; path = "NSObject+ObjectConfig.h"; sourceTree = "<group>"; };
		3B6CABD61590397D00CEF513 /* NSObject+ObjectConfig.m */ = {isa = PBXFileReference; fileEncoding = 4; lastKnownFileType = sourcecode.c.objc; path = "NSObject+ObjectConfig.m"; sourceTree = "<group>"; };
		3B6CABD71590397D00CEF513 /* NSURL+QueryDictionary.h */ = {isa = PBXFileReference; fileEncoding = 4; lastKnownFileType = sourcecode.c.h; path = "NSURL+QueryDictionary.h"; sourceTree = "<group>"; };
		3B6CABD81590397D00CEF513 /* NSURL+QueryDictionary.m */ = {isa = PBXFileReference; fileEncoding = 4; lastKnownFileType = sourcecode.c.objc; path = "NSURL+QueryDictionary.m"; sourceTree = "<group>"; };
		3B6CABDB1590399100CEF513 /* Categories.h */ = {isa = PBXFileReference; fileEncoding = 4; lastKnownFileType = sourcecode.c.h; path = Categories.h; sourceTree = "<group>"; };
		3B6CABDC159039FC00CEF513 /* Functions.m */ = {isa = PBXFileReference; fileEncoding = 4; lastKnownFileType = sourcecode.c.objc; path = Functions.m; sourceTree = "<group>"; };
		3B6CABDE15903A3800CEF513 /* Types.h */ = {isa = PBXFileReference; fileEncoding = 4; lastKnownFileType = sourcecode.c.h; path = Types.h; sourceTree = "<group>"; };
		3B6CABE115903C1800CEF513 /* boot.js */ = {isa = PBXFileReference; fileEncoding = 4; lastKnownFileType = sourcecode.javascript; path = boot.js; sourceTree = "<group>"; };
		3B6CABE215903C1800CEF513 /* jquery-1.7.2.min.js */ = {isa = PBXFileReference; fileEncoding = 4; lastKnownFileType = sourcecode.javascript; path = "jquery-1.7.2.min.js"; sourceTree = "<group>"; };
		3B6CABE415903C1800CEF513 /* lib.js */ = {isa = PBXFileReference; fileEncoding = 4; lastKnownFileType = sourcecode.javascript; path = lib.js; sourceTree = "<group>"; };
		3B6CABE515903C1800CEF513 /* underscore-min.js */ = {isa = PBXFileReference; fileEncoding = 4; lastKnownFileType = sourcecode.javascript; path = "underscore-min.js"; sourceTree = "<group>"; };
		3B6CABEB15903D0C00CEF513 /* jgestures.min.js */ = {isa = PBXFileReference; fileEncoding = 4; lastKnownFileType = sourcecode.javascript; path = jgestures.min.js; sourceTree = "<group>"; };
		3B6CABFC15903E8100CEF513 /* framework.css */ = {isa = PBXFileReference; fileEncoding = 4; lastKnownFileType = text.css; path = framework.css; sourceTree = "<group>"; };
		3B6CABFE15903F3A00CEF513 /* bootstrap-responsive.min.css */ = {isa = PBXFileReference; fileEncoding = 4; lastKnownFileType = text.css; name = "bootstrap-responsive.min.css"; path = "../../../../Downloads/bootstrap 3/css/bootstrap-responsive.min.css"; sourceTree = "<group>"; };
		3B6CAC0115903F8C00CEF513 /* theme-ios.css */ = {isa = PBXFileReference; fileEncoding = 4; lastKnownFileType = text.css; path = "theme-ios.css"; sourceTree = "<group>"; };
		3B6CAC03159041EF00CEF513 /* bootstrap.min.css */ = {isa = PBXFileReference; fileEncoding = 4; lastKnownFileType = text.css; name = bootstrap.min.css; path = "../../../../Downloads/bootstrap 3/css/bootstrap.min.css"; sourceTree = "<group>"; };
		3B6CAC061590488F00CEF513 /* mustache.js */ = {isa = PBXFileReference; fileEncoding = 4; lastKnownFileType = sourcecode.javascript; path = mustache.js; sourceTree = "<group>"; };
		3B6CAC0915904B3B00CEF513 /* UIWebView+General.h */ = {isa = PBXFileReference; fileEncoding = 4; lastKnownFileType = sourcecode.c.h; path = "UIWebView+General.h"; sourceTree = "<group>"; };
		3B6CAC0A15904B3B00CEF513 /* UIWebView+General.m */ = {isa = PBXFileReference; fileEncoding = 4; lastKnownFileType = sourcecode.c.objc; path = "UIWebView+General.m"; sourceTree = "<group>"; };
		3B6CAC0C15904E3000CEF513 /* NSString+HTML.h */ = {isa = PBXFileReference; fileEncoding = 4; lastKnownFileType = sourcecode.c.h; path = "NSString+HTML.h"; sourceTree = "<group>"; };
		3B6CAC0D15904E3000CEF513 /* NSString+HTML.m */ = {isa = PBXFileReference; fileEncoding = 4; lastKnownFileType = sourcecode.c.objc; path = "NSString+HTML.m"; sourceTree = "<group>"; };
		3B6CAC0F15904E9C00CEF513 /* GTMNSString+HTML.h */ = {isa = PBXFileReference; fileEncoding = 4; lastKnownFileType = sourcecode.c.h; path = "GTMNSString+HTML.h"; sourceTree = "<group>"; };
		3B6CAC1015904E9C00CEF513 /* GTMNSString+HTML.m */ = {isa = PBXFileReference; fileEncoding = 4; lastKnownFileType = sourcecode.c.objc; path = "GTMNSString+HTML.m"; sourceTree = "<group>"; };
		3B6CAC13159050B700CEF513 /* disclosure-indicator.png */ = {isa = PBXFileReference; lastKnownFileType = image.png; path = "disclosure-indicator.png"; sourceTree = "<group>"; };
		3BB191F715902DBF007A5E2C /* Config-AppDelegate.plist */ = {isa = PBXFileReference; fileEncoding = 4; lastKnownFileType = text.plist.xml; path = "Config-AppDelegate.plist"; sourceTree = "<group>"; };
		3BB19204159036FC007A5E2C /* Functions.h */ = {isa = PBXFileReference; fileEncoding = 4; lastKnownFileType = sourcecode.c.h; path = Functions.h; sourceTree = "<group>"; };
/* End PBXFileReference section */

/* Begin PBXFrameworksBuildPhase section */
		3B2BE305158678B100422193 /* Frameworks */ = {
			isa = PBXFrameworksBuildPhase;
			buildActionMask = 2147483647;
			files = (
				3B0FC95415A5E33C00087094 /* Security.framework in Frameworks */,
				3B2BE30D158678B200422193 /* UIKit.framework in Frameworks */,
				3B2BE30F158678B200422193 /* Foundation.framework in Frameworks */,
				3B2BE311158678B200422193 /* CoreGraphics.framework in Frameworks */,
				3B2BE313158678B200422193 /* CoreData.framework in Frameworks */,
				A1B227BC05AD4F64B9F661CC /* libPods.a in Frameworks */,
			);
			runOnlyForDeploymentPostprocessing = 0;
		};
		3B2BE324158678B200422193 /* Frameworks */ = {
			isa = PBXFrameworksBuildPhase;
			buildActionMask = 2147483647;
			files = (
				3B2BE32A158678B200422193 /* SenTestingKit.framework in Frameworks */,
				3B2BE32B158678B200422193 /* UIKit.framework in Frameworks */,
				3B2BE32C158678B200422193 /* Foundation.framework in Frameworks */,
				3B2BE32D158678B200422193 /* CoreData.framework in Frameworks */,
				8909FF4C4DAD4A2794921768 /* libPods.a in Frameworks */,
			);
			runOnlyForDeploymentPostprocessing = 0;
		};
/* End PBXFrameworksBuildPhase section */

/* Begin PBXGroup section */
		3B0FC94A15A5E25D00087094 /* JSONKit */ = {
			isa = PBXGroup;
			children = (
				3B0FC94B15A5E25D00087094 /* CHANGELOG.md */,
				3B0FC94C15A5E25D00087094 /* JSONKit.h */,
				3B0FC94D15A5E25D00087094 /* JSONKit.m */,
				3B0FC94E15A5E25D00087094 /* README.md */,
			);
			name = JSONKit;
			path = "Supporting Files/JSONKit";
			sourceTree = SOURCE_ROOT;
		};
		3B2713A715A5DE8A007EF05E /* NetworkUtility */ = {
			isa = PBXGroup;
			children = (
				3B2713A815A5DE8A007EF05E /* .gitignore */,
				3B2713A915A5DE8A007EF05E /* Keychain */,
				3B2713AE15A5DE8A007EF05E /* NetworkUtility.h */,
				3B2713AF15A5DE8A007EF05E /* NetworkUtility.m */,
				3B2713B015A5DE8A007EF05E /* README.md */,
				3B2713B115A5DE8A007EF05E /* RemoteNetworkUtility.h */,
				3B2713B215A5DE8A007EF05E /* RemoteNetworkUtility.m */,
			);
			name = NetworkUtility;
			path = "Supporting Files/NetworkUtility";
			sourceTree = SOURCE_ROOT;
		};
		3B2713A915A5DE8A007EF05E /* Keychain */ = {
			isa = PBXGroup;
			children = (
				3B2713AA15A5DE8A007EF05E /* HttpUserCredentials.h */,
				3B2713AB15A5DE8A007EF05E /* HttpUserCredentials.m */,
				3B2713AC15A5DE8A007EF05E /* SFHFKeychainUtils.h */,
				3B2713AD15A5DE8A007EF05E /* SFHFKeychainUtils.m */,
			);
			path = Keychain;
			sourceTree = "<group>";
		};
		3B2BE2FD158678B100422193 = {
			isa = PBXGroup;
			children = (
				3B0FC95315A5E33C00087094 /* Security.framework */,
				3B2BE314158678B200422193 /* NewFramework */,
				3B2BE330158678B200422193 /* NewFrameworkTests */,
				3B2BE30B158678B200422193 /* Frameworks */,
				3B2BE309158678B200422193 /* Products */,
				2888E76D66824F518715A519 /* Pods.xcconfig */,
			);
			sourceTree = "<group>";
		};
		3B2BE309158678B200422193 /* Products */ = {
			isa = PBXGroup;
			children = (
				3B2BE308158678B200422193 /* NewFramework.app */,
				3B2BE328158678B200422193 /* NewFrameworkTests.octest */,
			);
			name = Products;
			sourceTree = "<group>";
		};
		3B2BE30B158678B200422193 /* Frameworks */ = {
			isa = PBXGroup;
			children = (
				3B2BE30C158678B200422193 /* UIKit.framework */,
				3B2BE30E158678B200422193 /* Foundation.framework */,
				3B2BE310158678B200422193 /* CoreGraphics.framework */,
				3B2BE312158678B200422193 /* CoreData.framework */,
				3B2BE329158678B200422193 /* SenTestingKit.framework */,
				19AB6604567D4D7DA8617EE8 /* libPods.a */,
			);
			name = Frameworks;
			sourceTree = "<group>";
		};
		3B2BE314158678B200422193 /* NewFramework */ = {
			isa = PBXGroup;
			children = (
				3B6CABFB15903E7600CEF513 /* Styles */,
				3B6CAC12159050B600CEF513 /* Images */,
				3B6CABE015903C1800CEF513 /* Javascripts */,
				3BB191FA15902F50007A5E2C /* Library */,
				3B2BE31D158678B200422193 /* AppDelegate.h */,
				3B2BE31E158678B200422193 /* AppDelegate.m */,
				3B2BE320158678B200422193 /* NewFramework.xcdatamodeld */,
				3B2BE315158678B200422193 /* Supporting Files */,
			);
			path = NewFramework;
			sourceTree = "<group>";
		};
		3B2BE315158678B200422193 /* Supporting Files */ = {
			isa = PBXGroup;
			children = (
				3B0FC94A15A5E25D00087094 /* JSONKit */,
				3B2713A715A5DE8A007EF05E /* NetworkUtility */,
				3B2BE316158678B200422193 /* NewFramework-Info.plist */,
				3B2BE317158678B200422193 /* InfoPlist.strings */,
				3B2BE31A158678B200422193 /* main.m */,
				3B2BE31C158678B200422193 /* NewFramework-Prefix.pch */,
				3BB191F715902DBF007A5E2C /* Config-AppDelegate.plist */,
			);
			name = "Supporting Files";
			sourceTree = "<group>";
		};
		3B2BE330158678B200422193 /* NewFrameworkTests */ = {
			isa = PBXGroup;
			children = (
				3B2BE336158678B200422193 /* NewFrameworkTests.h */,
				3B2BE337158678B200422193 /* NewFrameworkTests.m */,
				3B2BE331158678B200422193 /* Supporting Files */,
			);
			path = NewFrameworkTests;
			sourceTree = "<group>";
		};
		3B2BE331158678B200422193 /* Supporting Files */ = {
			isa = PBXGroup;
			children = (
				3B2BE332158678B200422193 /* NewFrameworkTests-Info.plist */,
				3B2BE333158678B200422193 /* InfoPlist.strings */,
			);
			name = "Supporting Files";
			sourceTree = "<group>";
		};
		3B6CABD41590397D00CEF513 /* Categories */ = {
			isa = PBXGroup;
			children = (
				3B6CABD51590397D00CEF513 /* NSObject+ObjectConfig.h */,
				3B6CABD61590397D00CEF513 /* NSObject+ObjectConfig.m */,
				3B6CABD71590397D00CEF513 /* NSURL+QueryDictionary.h */,
				3B6CABD81590397D00CEF513 /* NSURL+QueryDictionary.m */,
				3B6CAC0915904B3B00CEF513 /* UIWebView+General.h */,
				3B6CAC0A15904B3B00CEF513 /* UIWebView+General.m */,
				3B6CAC0C15904E3000CEF513 /* NSString+HTML.h */,
				3B6CAC0D15904E3000CEF513 /* NSString+HTML.m */,
				3B6CAC0F15904E9C00CEF513 /* GTMNSString+HTML.h */,
				3B6CAC1015904E9C00CEF513 /* GTMNSString+HTML.m */,
			);
			path = Categories;
			sourceTree = "<group>";
		};
		3B6CABE015903C1800CEF513 /* Javascripts */ = {
			isa = PBXGroup;
			children = (
				3B6CAC061590488F00CEF513 /* mustache.js */,
				3B6CABEB15903D0C00CEF513 /* jgestures.min.js */,
				3B6CABE115903C1800CEF513 /* boot.js */,
				3B6CABE215903C1800CEF513 /* jquery-1.7.2.min.js */,
				3B6CABE415903C1800CEF513 /* lib.js */,
				3B6CABE515903C1800CEF513 /* underscore-min.js */,
			);
			path = Javascripts;
			sourceTree = "<group>";
		};
		3B6CABFB15903E7600CEF513 /* Styles */ = {
			isa = PBXGroup;
			children = (
				3B6CAC0015903F8600CEF513 /* Themes */,
				3B6CABFE15903F3A00CEF513 /* bootstrap-responsive.min.css */,
				3B6CAC03159041EF00CEF513 /* bootstrap.min.css */,
				3B6CABFC15903E8100CEF513 /* framework.css */,
			);
			path = Styles;
			sourceTree = "<group>";
		};
		3B6CAC0015903F8600CEF513 /* Themes */ = {
			isa = PBXGroup;
			children = (
				3B6CAC0115903F8C00CEF513 /* theme-ios.css */,
			);
			path = Themes;
			sourceTree = "<group>";
		};
		3B6CAC12159050B600CEF513 /* Images */ = {
			isa = PBXGroup;
			children = (
				3B6CAC13159050B700CEF513 /* disclosure-indicator.png */,
			);
			path = Images;
			sourceTree = "<group>";
		};
		3BB191FA15902F50007A5E2C /* Library */ = {
			isa = PBXGroup;
			children = (
				3B538B4415A2B2C900744CE3 /* WebController.h */,
				3B538B4515A2B2C900744CE3 /* WebController.m */,
				3B6CABD41590397D00CEF513 /* Categories */,
				3B6CABDB1590399100CEF513 /* Categories.h */,
				3BB19204159036FC007A5E2C /* Functions.h */,
				3B6CABDC159039FC00CEF513 /* Functions.m */,
				3B6CABDE15903A3800CEF513 /* Types.h */,
				3B538B4715A2B86B00744CE3 /* Loader.h */,
				3B538B4815A2B86B00744CE3 /* Loader.m */,
			);
			path = Library;
			sourceTree = "<group>";
		};
/* End PBXGroup section */

/* Begin PBXNativeTarget section */
		3B2BE307158678B100422193 /* NewFramework */ = {
			isa = PBXNativeTarget;
			buildConfigurationList = 3B2BE33B158678B200422193 /* Build configuration list for PBXNativeTarget "NewFramework" */;
			buildPhases = (
				3B2BE304158678B100422193 /* Sources */,
				3B2BE305158678B100422193 /* Frameworks */,
				3B2BE306158678B100422193 /* Resources */,
				DE9B78F106744DF88255B830 /* Copy Pods Resources */,
			);
			buildRules = (
			);
			dependencies = (
			);
			name = NewFramework;
			productName = NewFramework;
			productReference = 3B2BE308158678B200422193 /* NewFramework.app */;
			productType = "com.apple.product-type.application";
		};
		3B2BE327158678B200422193 /* NewFrameworkTests */ = {
			isa = PBXNativeTarget;
			buildConfigurationList = 3B2BE33E158678B200422193 /* Build configuration list for PBXNativeTarget "NewFrameworkTests" */;
			buildPhases = (
				3B2BE323158678B200422193 /* Sources */,
				3B2BE324158678B200422193 /* Frameworks */,
				3B2BE325158678B200422193 /* Resources */,
				3B2BE326158678B200422193 /* ShellScript */,
				DE9B78F106744DF88255B830 /* Copy Pods Resources */,
			);
			buildRules = (
			);
			dependencies = (
				3B2BE32F158678B200422193 /* PBXTargetDependency */,
			);
			name = NewFrameworkTests;
			productName = NewFrameworkTests;
			productReference = 3B2BE328158678B200422193 /* NewFrameworkTests.octest */;
			productType = "com.apple.product-type.bundle";
		};
/* End PBXNativeTarget section */

/* Begin PBXProject section */
		3B2BE2FF158678B100422193 /* Project object */ = {
			isa = PBXProject;
			attributes = {
				LastUpgradeCheck = 0420;
				ORGANIZATIONNAME = Cloudbot;
			};
			buildConfigurationList = 3B2BE302158678B100422193 /* Build configuration list for PBXProject "NewFramework" */;
			compatibilityVersion = "Xcode 3.2";
			developmentRegion = English;
			hasScannedForEncodings = 0;
			knownRegions = (
				en,
			);
			mainGroup = 3B2BE2FD158678B100422193;
			productRefGroup = 3B2BE309158678B200422193 /* Products */;
			projectDirPath = "";
			projectRoot = "";
			targets = (
				3B2BE307158678B100422193 /* NewFramework */,
				3B2BE327158678B200422193 /* NewFrameworkTests */,
			);
		};
/* End PBXProject section */

/* Begin PBXResourcesBuildPhase section */
		3B2BE306158678B100422193 /* Resources */ = {
			isa = PBXResourcesBuildPhase;
			buildActionMask = 2147483647;
			files = (
				3B6CAC081590495800CEF513 /* mustache.js in Resources */,
				3B6CABF415903E4500CEF513 /* jgestures.min.js in Resources */,
				3B6CABF515903E4500CEF513 /* boot.js in Resources */,
				3B6CABF615903E4500CEF513 /* jquery-1.7.2.min.js in Resources */,
				3B6CABF715903E4500CEF513 /* lib.js in Resources */,
				3B6CABF815903E4500CEF513 /* underscore-min.js in Resources */,
				3B2BE319158678B200422193 /* InfoPlist.strings in Resources */,
				3BB191F815902DBF007A5E2C /* Config-AppDelegate.plist in Resources */,
				3B6CABDF15903A3800CEF513 /* Types.h in Resources */,
				3B6CABFD15903E8100CEF513 /* framework.css in Resources */,
				3B6CABFF15903F3A00CEF513 /* bootstrap-responsive.min.css in Resources */,
				3B6CAC0215903F8C00CEF513 /* theme-ios.css in Resources */,
				3B6CAC04159041EF00CEF513 /* bootstrap.min.css in Resources */,
				3B6CAC14159050B700CEF513 /* disclosure-indicator.png in Resources */,
				3B2713B315A5DE8A007EF05E /* .gitignore in Resources */,
			);
			runOnlyForDeploymentPostprocessing = 0;
		};
		3B2BE325158678B200422193 /* Resources */ = {
			isa = PBXResourcesBuildPhase;
			buildActionMask = 2147483647;
			files = (
				3B2BE335158678B200422193 /* InfoPlist.strings in Resources */,
			);
			runOnlyForDeploymentPostprocessing = 0;
		};
/* End PBXResourcesBuildPhase section */

/* Begin PBXShellScriptBuildPhase section */
		3B2BE326158678B200422193 /* ShellScript */ = {
			isa = PBXShellScriptBuildPhase;
			buildActionMask = 2147483647;
			files = (
			);
			inputPaths = (
			);
			outputPaths = (
			);
			runOnlyForDeploymentPostprocessing = 0;
			shellPath = /bin/sh;
			shellScript = "# Run the unit tests in this test bundle.\n\"${SYSTEM_DEVELOPER_DIR}/Tools/RunUnitTests\"\n";
		};
		DE9B78F106744DF88255B830 /* Copy Pods Resources */ = {
			isa = PBXShellScriptBuildPhase;
			buildActionMask = 2147483647;
			files = (
			);
			inputPaths = (
			);
			name = "Copy Pods Resources";
			outputPaths = (
			);
			runOnlyForDeploymentPostprocessing = 0;
			shellPath = /bin/sh;
			shellScript = "\"${SRCROOT}/Pods/Pods-resources.sh\"\n";
		};
/* End PBXShellScriptBuildPhase section */

/* Begin PBXSourcesBuildPhase section */
		3B2BE304158678B100422193 /* Sources */ = {
			isa = PBXSourcesBuildPhase;
			buildActionMask = 2147483647;
			files = (
				3B2BE31B158678B200422193 /* main.m in Sources */,
				3B2BE31F158678B200422193 /* AppDelegate.m in Sources */,
				3B2BE322158678B200422193 /* NewFramework.xcdatamodeld in Sources */,
				3B6CABD91590397D00CEF513 /* NSObject+ObjectConfig.m in Sources */,
				3B6CABDA1590397D00CEF513 /* NSURL+QueryDictionary.m in Sources */,
				3B6CABDD159039FC00CEF513 /* Functions.m in Sources */,
				3B6CAC0B15904B3B00CEF513 /* UIWebView+General.m in Sources */,
				3B6CAC0E15904E3000CEF513 /* NSString+HTML.m in Sources */,
				3B6CAC1115904E9D00CEF513 /* GTMNSString+HTML.m in Sources */,
				3B538B4615A2B2C900744CE3 /* WebController.m in Sources */,
				3B538B4915A2B86B00744CE3 /* Loader.m in Sources */,
				3B2713B415A5DE8A007EF05E /* HttpUserCredentials.m in Sources */,
				3B2713B515A5DE8A007EF05E /* SFHFKeychainUtils.m in Sources */,
				3B2713B615A5DE8A007EF05E /* NetworkUtility.m in Sources */,
				3B2713B815A5DE8A007EF05E /* RemoteNetworkUtility.m in Sources */,
				3B0FC95015A5E25D00087094 /* JSONKit.m in Sources */,
			);
			runOnlyForDeploymentPostprocessing = 0;
		};
		3B2BE323158678B200422193 /* Sources */ = {
			isa = PBXSourcesBuildPhase;
			buildActionMask = 2147483647;
			files = (
				3B2BE338158678B200422193 /* NewFrameworkTests.m in Sources */,
			);
			runOnlyForDeploymentPostprocessing = 0;
		};
/* End PBXSourcesBuildPhase section */

/* Begin PBXTargetDependency section */
		3B2BE32F158678B200422193 /* PBXTargetDependency */ = {
			isa = PBXTargetDependency;
			target = 3B2BE307158678B100422193 /* NewFramework */;
			targetProxy = 3B2BE32E158678B200422193 /* PBXContainerItemProxy */;
		};
/* End PBXTargetDependency section */

/* Begin PBXVariantGroup section */
		3B2BE317158678B200422193 /* InfoPlist.strings */ = {
			isa = PBXVariantGroup;
			children = (
				3B2BE318158678B200422193 /* en */,
			);
			name = InfoPlist.strings;
			sourceTree = "<group>";
		};
		3B2BE333158678B200422193 /* InfoPlist.strings */ = {
			isa = PBXVariantGroup;
			children = (
				3B2BE334158678B200422193 /* en */,
			);
			name = InfoPlist.strings;
			sourceTree = "<group>";
		};
/* End PBXVariantGroup section */

/* Begin XCBuildConfiguration section */
		3B2BE339158678B200422193 /* Debug */ = {
			isa = XCBuildConfiguration;
			buildSettings = {
				ALWAYS_SEARCH_USER_PATHS = NO;
				ARCHS = "$(ARCHS_STANDARD_32_BIT)";
				CLANG_ENABLE_OBJC_ARC = YES;
				"CODE_SIGN_IDENTITY[sdk=iphoneos*]" = "iPhone Developer";
				COPY_PHASE_STRIP = NO;
				GCC_C_LANGUAGE_STANDARD = gnu99;
				GCC_DYNAMIC_NO_PIC = NO;
				GCC_OPTIMIZATION_LEVEL = 0;
				GCC_PREPROCESSOR_DEFINITIONS = (
					"DEBUG=1",
					"$(inherited)",
				);
				GCC_SYMBOLS_PRIVATE_EXTERN = NO;
				GCC_VERSION = com.apple.compilers.llvm.clang.1_0;
				GCC_WARN_ABOUT_MISSING_PROTOTYPES = YES;
				GCC_WARN_ABOUT_RETURN_TYPE = YES;
				GCC_WARN_UNUSED_VARIABLE = YES;
				IPHONEOS_DEPLOYMENT_TARGET = 5.0;
				SDKROOT = iphoneos;
				TARGETED_DEVICE_FAMILY = "1,2";
			};
			name = Debug;
		};
		3B2BE33A158678B200422193 /* Release */ = {
			isa = XCBuildConfiguration;
			buildSettings = {
				ALWAYS_SEARCH_USER_PATHS = NO;
				ARCHS = "$(ARCHS_STANDARD_32_BIT)";
				CLANG_ENABLE_OBJC_ARC = YES;
				"CODE_SIGN_IDENTITY[sdk=iphoneos*]" = "iPhone Developer";
				COPY_PHASE_STRIP = YES;
				GCC_C_LANGUAGE_STANDARD = gnu99;
				GCC_VERSION = com.apple.compilers.llvm.clang.1_0;
				GCC_WARN_ABOUT_MISSING_PROTOTYPES = YES;
				GCC_WARN_ABOUT_RETURN_TYPE = YES;
				GCC_WARN_UNUSED_VARIABLE = YES;
				IPHONEOS_DEPLOYMENT_TARGET = 5.0;
				OTHER_CFLAGS = "-DNS_BLOCK_ASSERTIONS=1";
				SDKROOT = iphoneos;
				TARGETED_DEVICE_FAMILY = "1,2";
				VALIDATE_PRODUCT = YES;
			};
			name = Release;
		};
		3B2BE33C158678B200422193 /* Debug */ = {
			isa = XCBuildConfiguration;
			baseConfigurationReference = 2888E76D66824F518715A519 /* Pods.xcconfig */;
			buildSettings = {
				DSTROOT = /tmp/xcodeproj.dst;
				GCC_PRECOMPILE_PREFIX_HEADER = YES;
				GCC_PREFIX_HEADER = "NewFramework/NewFramework-Prefix.pch";
				GCC_VERSION = com.apple.compilers.llvm.clang.1_0;
				INFOPLIST_FILE = "NewFramework/NewFramework-Info.plist";
				PRODUCT_NAME = "$(TARGET_NAME)";
				SKIP_INSTALL = YES;
				WRAPPER_EXTENSION = app;
			};
			name = Debug;
		};
		3B2BE33D158678B200422193 /* Release */ = {
			isa = XCBuildConfiguration;
			baseConfigurationReference = 2888E76D66824F518715A519 /* Pods.xcconfig */;
			buildSettings = {
				DSTROOT = /tmp/xcodeproj.dst;
				GCC_PRECOMPILE_PREFIX_HEADER = YES;
				GCC_PREFIX_HEADER = "NewFramework/NewFramework-Prefix.pch";
				GCC_VERSION = com.apple.compilers.llvm.clang.1_0;
				INFOPLIST_FILE = "NewFramework/NewFramework-Info.plist";
				PRODUCT_NAME = "$(TARGET_NAME)";
				SKIP_INSTALL = YES;
				WRAPPER_EXTENSION = app;
			};
			name = Release;
		};
		3B2BE33F158678B200422193 /* Debug */ = {
			isa = XCBuildConfiguration;
			baseConfigurationReference = 2888E76D66824F518715A519 /* Pods.xcconfig */;
			buildSettings = {
				BUNDLE_LOADER = "$(BUILT_PRODUCTS_DIR)/NewFramework.app/NewFramework";
				DSTROOT = /tmp/xcodeproj.dst;
				FRAMEWORK_SEARCH_PATHS = (
					"$(SDKROOT)/Developer/Library/Frameworks",
					"$(DEVELOPER_LIBRARY_DIR)/Frameworks",
				);
				GCC_PRECOMPILE_PREFIX_HEADER = YES;
				GCC_PREFIX_HEADER = "NewFramework/NewFramework-Prefix.pch";
				GCC_VERSION = com.apple.compilers.llvm.clang.1_0;
				INFOPLIST_FILE = "NewFrameworkTests/NewFrameworkTests-Info.plist";
				PRODUCT_NAME = "$(TARGET_NAME)";
				SKIP_INSTALL = YES;
				TEST_HOST = "$(BUNDLE_LOADER)";
				WRAPPER_EXTENSION = octest;
			};
			name = Debug;
		};
		3B2BE340158678B200422193 /* Release */ = {
			isa = XCBuildConfiguration;
			baseConfigurationReference = 2888E76D66824F518715A519 /* Pods.xcconfig */;
			buildSettings = {
				BUNDLE_LOADER = "$(BUILT_PRODUCTS_DIR)/NewFramework.app/NewFramework";
				DSTROOT = /tmp/xcodeproj.dst;
				FRAMEWORK_SEARCH_PATHS = (
					"$(SDKROOT)/Developer/Library/Frameworks",
					"$(DEVELOPER_LIBRARY_DIR)/Frameworks",
				);
				GCC_PRECOMPILE_PREFIX_HEADER = YES;
				GCC_PREFIX_HEADER = "NewFramework/NewFramework-Prefix.pch";
				GCC_VERSION = com.apple.compilers.llvm.clang.1_0;
				INFOPLIST_FILE = "NewFrameworkTests/NewFrameworkTests-Info.plist";
				PRODUCT_NAME = "$(TARGET_NAME)";
				SKIP_INSTALL = YES;
				TEST_HOST = "$(BUNDLE_LOADER)";
				WRAPPER_EXTENSION = octest;
			};
			name = Release;
		};
/* End XCBuildConfiguration section */

/* Begin XCConfigurationList section */
		3B2BE302158678B100422193 /* Build configuration list for PBXProject "NewFramework" */ = {
			isa = XCConfigurationList;
			buildConfigurations = (
				3B2BE339158678B200422193 /* Debug */,
				3B2BE33A158678B200422193 /* Release */,
			);
			defaultConfigurationIsVisible = 0;
			defaultConfigurationName = Release;
		};
		3B2BE33B158678B200422193 /* Build configuration list for PBXNativeTarget "NewFramework" */ = {
			isa = XCConfigurationList;
			buildConfigurations = (
				3B2BE33C158678B200422193 /* Debug */,
				3B2BE33D158678B200422193 /* Release */,
			);
			defaultConfigurationIsVisible = 0;
			defaultConfigurationName = Release;
		};
		3B2BE33E158678B200422193 /* Build configuration list for PBXNativeTarget "NewFrameworkTests" */ = {
			isa = XCConfigurationList;
			buildConfigurations = (
				3B2BE33F158678B200422193 /* Debug */,
				3B2BE340158678B200422193 /* Release */,
			);
			defaultConfigurationIsVisible = 0;
			defaultConfigurationName = Release;
		};
/* End XCConfigurationList section */

/* Begin XCVersionGroup section */
		3B2BE320158678B200422193 /* NewFramework.xcdatamodeld */ = {
			isa = XCVersionGroup;
			children = (
				3B2BE321158678B200422193 /* NewFramework.xcdatamodel */,
			);
			currentVersion = 3B2BE321158678B200422193 /* NewFramework.xcdatamodel */;
			path = NewFramework.xcdatamodeld;
			sourceTree = "<group>";
			versionGroupType = wrapper.xcdatamodel;
		};
/* End XCVersionGroup section */
	};
	rootObject = 3B2BE2FF158678B100422193 /* Project object */;
}
