<?xml version="1.0" encoding="UTF-8"?>
<!DOCTYPE plist PUBLIC "-//Apple//DTD PLIST 1.0//EN" "http://www.apple.com/DTDs/PropertyList-1.0.dtd">
<plist version="1.0">
<dict>
	<key>archiveVersion</key>
	<string>1</string>
	<key>classes</key>
	<dict/>
	<key>objectVersion</key>
	<string>46</string>
	<key>objects</key>
	<dict>
		<key>19AB6604567D4D7DA8617EE8</key>
		<dict>
			<key>explicitFileType</key>
			<string>archive.ar</string>
			<key>includeInIndex</key>
			<string>0</string>
			<key>isa</key>
			<string>PBXFileReference</string>
			<key>name</key>
			<string>libPods.a</string>
			<key>path</key>
			<string>libPods.a</string>
			<key>sourceTree</key>
			<string>BUILT_PRODUCTS_DIR</string>
		</dict>
		<key>2888E76D66824F518715A519</key>
		<dict>
			<key>isa</key>
			<string>PBXFileReference</string>
			<key>lastKnownFileType</key>
			<string>text.xcconfig</string>
			<key>name</key>
			<string>Pods.xcconfig</string>
			<key>path</key>
			<string>Pods/Pods.xcconfig</string>
			<key>sourceTree</key>
			<string>SOURCE_ROOT</string>
		</dict>
		<key>3B2BE2FD158678B100422193</key>
		<dict>
			<key>children</key>
			<array>
				<string>3B2BE314158678B200422193</string>
				<string>3B2BE330158678B200422193</string>
				<string>3B2BE30B158678B200422193</string>
				<string>3B2BE309158678B200422193</string>
				<string>2888E76D66824F518715A519</string>
			</array>
			<key>isa</key>
			<string>PBXGroup</string>
			<key>sourceTree</key>
			<string>&lt;group&gt;</string>
		</dict>
		<key>3B2BE2FF158678B100422193</key>
		<dict>
			<key>attributes</key>
			<dict>
				<key>LastUpgradeCheck</key>
				<string>0420</string>
				<key>ORGANIZATIONNAME</key>
				<string>Cloudbot</string>
			</dict>
			<key>buildConfigurationList</key>
			<string>3B2BE302158678B100422193</string>
			<key>compatibilityVersion</key>
			<string>Xcode 3.2</string>
			<key>developmentRegion</key>
			<string>English</string>
			<key>hasScannedForEncodings</key>
			<string>0</string>
			<key>isa</key>
			<string>PBXProject</string>
			<key>knownRegions</key>
			<array>
				<string>en</string>
			</array>
			<key>mainGroup</key>
			<string>3B2BE2FD158678B100422193</string>
			<key>productRefGroup</key>
			<string>3B2BE309158678B200422193</string>
			<key>projectDirPath</key>
			<string></string>
			<key>projectRoot</key>
			<string></string>
			<key>targets</key>
			<array>
				<string>3B2BE307158678B100422193</string>
				<string>3B2BE327158678B200422193</string>
			</array>
		</dict>
		<key>3B2BE302158678B100422193</key>
		<dict>
			<key>buildConfigurations</key>
			<array>
				<string>3B2BE339158678B200422193</string>
				<string>3B2BE33A158678B200422193</string>
			</array>
			<key>defaultConfigurationIsVisible</key>
			<string>0</string>
			<key>defaultConfigurationName</key>
			<string>Release</string>
			<key>isa</key>
			<string>XCConfigurationList</string>
		</dict>
		<key>3B2BE304158678B100422193</key>
		<dict>
			<key>buildActionMask</key>
			<string>2147483647</string>
			<key>files</key>
			<array>
				<string>3B2BE31B158678B200422193</string>
				<string>3B2BE31F158678B200422193</string>
				<string>3B2BE322158678B200422193</string>
				<string>3B2BE344158678F000422193</string>
				<string>3BCDBE8515880A7700EACAC7</string>
			</array>
			<key>isa</key>
			<string>PBXSourcesBuildPhase</string>
			<key>runOnlyForDeploymentPostprocessing</key>
			<string>0</string>
		</dict>
		<key>3B2BE305158678B100422193</key>
		<dict>
			<key>buildActionMask</key>
			<string>2147483647</string>
			<key>files</key>
			<array>
				<string>3B2BE30D158678B200422193</string>
				<string>3B2BE30F158678B200422193</string>
				<string>3B2BE311158678B200422193</string>
				<string>3B2BE313158678B200422193</string>
				<string>A1B227BC05AD4F64B9F661CC</string>
			</array>
			<key>isa</key>
			<string>PBXFrameworksBuildPhase</string>
			<key>runOnlyForDeploymentPostprocessing</key>
			<string>0</string>
		</dict>
		<key>3B2BE306158678B100422193</key>
		<dict>
			<key>buildActionMask</key>
			<string>2147483647</string>
			<key>files</key>
			<array>
				<string>3B2BE319158678B200422193</string>
			</array>
			<key>isa</key>
			<string>PBXResourcesBuildPhase</string>
			<key>runOnlyForDeploymentPostprocessing</key>
			<string>0</string>
		</dict>
		<key>3B2BE307158678B100422193</key>
		<dict>
			<key>buildConfigurationList</key>
			<string>3B2BE33B158678B200422193</string>
			<key>buildPhases</key>
			<array>
				<string>3B2BE304158678B100422193</string>
				<string>3B2BE305158678B100422193</string>
				<string>3B2BE306158678B100422193</string>
				<string>DE9B78F106744DF88255B830</string>
			</array>
			<key>buildRules</key>
			<array/>
			<key>dependencies</key>
			<array/>
			<key>isa</key>
			<string>PBXNativeTarget</string>
			<key>name</key>
			<string>NewFramework</string>
			<key>productName</key>
			<string>NewFramework</string>
			<key>productReference</key>
			<string>3B2BE308158678B200422193</string>
			<key>productType</key>
			<string>com.apple.product-type.application</string>
		</dict>
		<key>3B2BE308158678B200422193</key>
		<dict>
			<key>explicitFileType</key>
			<string>wrapper.application</string>
			<key>includeInIndex</key>
			<string>0</string>
			<key>isa</key>
			<string>PBXFileReference</string>
			<key>name</key>
			<string>NewFramework.app</string>
			<key>path</key>
			<string>NewFramework.app</string>
			<key>sourceTree</key>
			<string>BUILT_PRODUCTS_DIR</string>
		</dict>
		<key>3B2BE309158678B200422193</key>
		<dict>
			<key>children</key>
			<array>
				<string>3B2BE308158678B200422193</string>
				<string>3B2BE328158678B200422193</string>
			</array>
			<key>isa</key>
			<string>PBXGroup</string>
			<key>name</key>
			<string>Products</string>
			<key>sourceTree</key>
			<string>&lt;group&gt;</string>
		</dict>
		<key>3B2BE30B158678B200422193</key>
		<dict>
			<key>children</key>
			<array>
				<string>3B2BE30C158678B200422193</string>
				<string>3B2BE30E158678B200422193</string>
				<string>3B2BE310158678B200422193</string>
				<string>3B2BE312158678B200422193</string>
				<string>3B2BE329158678B200422193</string>
				<string>19AB6604567D4D7DA8617EE8</string>
			</array>
			<key>isa</key>
			<string>PBXGroup</string>
			<key>name</key>
			<string>Frameworks</string>
			<key>sourceTree</key>
			<string>&lt;group&gt;</string>
		</dict>
		<key>3B2BE30C158678B200422193</key>
		<dict>
			<key>isa</key>
			<string>PBXFileReference</string>
			<key>lastKnownFileType</key>
			<string>wrapper.framework</string>
			<key>name</key>
			<string>UIKit.framework</string>
			<key>path</key>
			<string>System/Library/Frameworks/UIKit.framework</string>
			<key>sourceTree</key>
			<string>SDKROOT</string>
		</dict>
		<key>3B2BE30D158678B200422193</key>
		<dict>
			<key>fileRef</key>
			<string>3B2BE30C158678B200422193</string>
			<key>isa</key>
			<string>PBXBuildFile</string>
		</dict>
		<key>3B2BE30E158678B200422193</key>
		<dict>
			<key>isa</key>
			<string>PBXFileReference</string>
			<key>lastKnownFileType</key>
			<string>wrapper.framework</string>
			<key>name</key>
			<string>Foundation.framework</string>
			<key>path</key>
			<string>System/Library/Frameworks/Foundation.framework</string>
			<key>sourceTree</key>
			<string>SDKROOT</string>
		</dict>
		<key>3B2BE30F158678B200422193</key>
		<dict>
			<key>fileRef</key>
			<string>3B2BE30E158678B200422193</string>
			<key>isa</key>
			<string>PBXBuildFile</string>
		</dict>
		<key>3B2BE310158678B200422193</key>
		<dict>
			<key>isa</key>
			<string>PBXFileReference</string>
			<key>lastKnownFileType</key>
			<string>wrapper.framework</string>
			<key>name</key>
			<string>CoreGraphics.framework</string>
			<key>path</key>
			<string>System/Library/Frameworks/CoreGraphics.framework</string>
			<key>sourceTree</key>
			<string>SDKROOT</string>
		</dict>
		<key>3B2BE311158678B200422193</key>
		<dict>
			<key>fileRef</key>
			<string>3B2BE310158678B200422193</string>
			<key>isa</key>
			<string>PBXBuildFile</string>
		</dict>
		<key>3B2BE312158678B200422193</key>
		<dict>
			<key>isa</key>
			<string>PBXFileReference</string>
			<key>lastKnownFileType</key>
			<string>wrapper.framework</string>
			<key>name</key>
			<string>CoreData.framework</string>
			<key>path</key>
			<string>System/Library/Frameworks/CoreData.framework</string>
			<key>sourceTree</key>
			<string>SDKROOT</string>
		</dict>
		<key>3B2BE313158678B200422193</key>
		<dict>
			<key>fileRef</key>
			<string>3B2BE312158678B200422193</string>
			<key>isa</key>
			<string>PBXBuildFile</string>
		</dict>
		<key>3B2BE314158678B200422193</key>
		<dict>
			<key>children</key>
			<array>
				<string>3B2BE341158678D500422193</string>
				<string>3B2BE31D158678B200422193</string>
				<string>3B2BE31E158678B200422193</string>
				<string>3B2BE320158678B200422193</string>
				<string>3B2BE315158678B200422193</string>
			</array>
			<key>isa</key>
			<string>PBXGroup</string>
			<key>path</key>
			<string>NewFramework</string>
			<key>sourceTree</key>
			<string>&lt;group&gt;</string>
		</dict>
		<key>3B2BE315158678B200422193</key>
		<dict>
			<key>children</key>
			<array>
				<string>3B2BE316158678B200422193</string>
				<string>3B2BE317158678B200422193</string>
				<string>3B2BE31A158678B200422193</string>
				<string>3B2BE31C158678B200422193</string>
			</array>
			<key>isa</key>
			<string>PBXGroup</string>
			<key>name</key>
			<string>Supporting Files</string>
			<key>sourceTree</key>
			<string>&lt;group&gt;</string>
		</dict>
		<key>3B2BE316158678B200422193</key>
		<dict>
			<key>isa</key>
			<string>PBXFileReference</string>
			<key>lastKnownFileType</key>
			<string>text.plist.xml</string>
			<key>name</key>
			<string>NewFramework-Info.plist</string>
			<key>path</key>
			<string>NewFramework-Info.plist</string>
			<key>sourceTree</key>
			<string>&lt;group&gt;</string>
		</dict>
		<key>3B2BE317158678B200422193</key>
		<dict>
			<key>children</key>
			<array>
				<string>3B2BE318158678B200422193</string>
			</array>
			<key>isa</key>
			<string>PBXVariantGroup</string>
			<key>name</key>
			<string>InfoPlist.strings</string>
			<key>sourceTree</key>
			<string>&lt;group&gt;</string>
		</dict>
		<key>3B2BE318158678B200422193</key>
		<dict>
			<key>isa</key>
			<string>PBXFileReference</string>
			<key>lastKnownFileType</key>
			<string>text.plist.strings</string>
			<key>name</key>
			<string>en</string>
			<key>path</key>
			<string>en.lproj/InfoPlist.strings</string>
			<key>sourceTree</key>
			<string>&lt;group&gt;</string>
		</dict>
		<key>3B2BE319158678B200422193</key>
		<dict>
			<key>fileRef</key>
			<string>3B2BE317158678B200422193</string>
			<key>isa</key>
			<string>PBXBuildFile</string>
		</dict>
		<key>3B2BE31A158678B200422193</key>
		<dict>
			<key>isa</key>
			<string>PBXFileReference</string>
			<key>lastKnownFileType</key>
			<string>sourcecode.c.objc</string>
			<key>name</key>
			<string>main.m</string>
			<key>path</key>
			<string>main.m</string>
			<key>sourceTree</key>
			<string>&lt;group&gt;</string>
		</dict>
		<key>3B2BE31B158678B200422193</key>
		<dict>
			<key>fileRef</key>
			<string>3B2BE31A158678B200422193</string>
			<key>isa</key>
			<string>PBXBuildFile</string>
		</dict>
		<key>3B2BE31C158678B200422193</key>
		<dict>
			<key>isa</key>
			<string>PBXFileReference</string>
			<key>lastKnownFileType</key>
			<string>sourcecode.c.h</string>
			<key>name</key>
			<string>NewFramework-Prefix.pch</string>
			<key>path</key>
			<string>NewFramework-Prefix.pch</string>
			<key>sourceTree</key>
			<string>&lt;group&gt;</string>
		</dict>
		<key>3B2BE31D158678B200422193</key>
		<dict>
			<key>isa</key>
			<string>PBXFileReference</string>
			<key>lastKnownFileType</key>
			<string>sourcecode.c.h</string>
			<key>name</key>
			<string>AppDelegate.h</string>
			<key>path</key>
			<string>AppDelegate.h</string>
			<key>sourceTree</key>
			<string>&lt;group&gt;</string>
		</dict>
		<key>3B2BE31E158678B200422193</key>
		<dict>
			<key>isa</key>
			<string>PBXFileReference</string>
			<key>lastKnownFileType</key>
			<string>sourcecode.c.objc</string>
			<key>name</key>
			<string>AppDelegate.m</string>
			<key>path</key>
			<string>AppDelegate.m</string>
			<key>sourceTree</key>
			<string>&lt;group&gt;</string>
		</dict>
		<key>3B2BE31F158678B200422193</key>
		<dict>
			<key>fileRef</key>
			<string>3B2BE31E158678B200422193</string>
			<key>isa</key>
			<string>PBXBuildFile</string>
		</dict>
		<key>3B2BE320158678B200422193</key>
		<dict>
			<key>children</key>
			<array>
				<string>3B2BE321158678B200422193</string>
			</array>
			<key>currentVersion</key>
			<string>3B2BE321158678B200422193</string>
			<key>isa</key>
			<string>XCVersionGroup</string>
			<key>path</key>
			<string>NewFramework.xcdatamodeld</string>
			<key>sourceTree</key>
			<string>&lt;group&gt;</string>
			<key>versionGroupType</key>
			<string>wrapper.xcdatamodel</string>
		</dict>
		<key>3B2BE321158678B200422193</key>
		<dict>
			<key>isa</key>
			<string>PBXFileReference</string>
			<key>lastKnownFileType</key>
			<string>wrapper.xcdatamodel</string>
			<key>name</key>
			<string>NewFramework.xcdatamodel</string>
			<key>path</key>
			<string>NewFramework.xcdatamodel</string>
			<key>sourceTree</key>
			<string>&lt;group&gt;</string>
		</dict>
		<key>3B2BE322158678B200422193</key>
		<dict>
			<key>fileRef</key>
			<string>3B2BE320158678B200422193</string>
			<key>isa</key>
			<string>PBXBuildFile</string>
		</dict>
		<key>3B2BE323158678B200422193</key>
		<dict>
			<key>buildActionMask</key>
			<string>2147483647</string>
			<key>files</key>
			<array>
				<string>3B2BE338158678B200422193</string>
			</array>
			<key>isa</key>
			<string>PBXSourcesBuildPhase</string>
			<key>runOnlyForDeploymentPostprocessing</key>
			<string>0</string>
		</dict>
		<key>3B2BE324158678B200422193</key>
		<dict>
			<key>buildActionMask</key>
			<string>2147483647</string>
			<key>files</key>
			<array>
				<string>3B2BE32A158678B200422193</string>
				<string>3B2BE32B158678B200422193</string>
				<string>3B2BE32C158678B200422193</string>
				<string>3B2BE32D158678B200422193</string>
				<string>8909FF4C4DAD4A2794921768</string>
			</array>
			<key>isa</key>
			<string>PBXFrameworksBuildPhase</string>
			<key>runOnlyForDeploymentPostprocessing</key>
			<string>0</string>
		</dict>
		<key>3B2BE325158678B200422193</key>
		<dict>
			<key>buildActionMask</key>
			<string>2147483647</string>
			<key>files</key>
			<array>
				<string>3B2BE335158678B200422193</string>
			</array>
			<key>isa</key>
			<string>PBXResourcesBuildPhase</string>
			<key>runOnlyForDeploymentPostprocessing</key>
			<string>0</string>
		</dict>
		<key>3B2BE326158678B200422193</key>
		<dict>
			<key>buildActionMask</key>
			<string>2147483647</string>
			<key>files</key>
			<array/>
			<key>inputPaths</key>
			<array/>
			<key>isa</key>
			<string>PBXShellScriptBuildPhase</string>
			<key>outputPaths</key>
			<array/>
			<key>runOnlyForDeploymentPostprocessing</key>
			<string>0</string>
			<key>shellPath</key>
			<string>/bin/sh</string>
			<key>shellScript</key>
			<string># Run the unit tests in this test bundle.
"${SYSTEM_DEVELOPER_DIR}/Tools/RunUnitTests"
</string>
		</dict>
		<key>3B2BE327158678B200422193</key>
		<dict>
			<key>buildConfigurationList</key>
			<string>3B2BE33E158678B200422193</string>
			<key>buildPhases</key>
			<array>
				<string>3B2BE323158678B200422193</string>
				<string>3B2BE324158678B200422193</string>
				<string>3B2BE325158678B200422193</string>
				<string>3B2BE326158678B200422193</string>
				<string>DE9B78F106744DF88255B830</string>
			</array>
			<key>buildRules</key>
			<array/>
			<key>dependencies</key>
			<array>
				<string>3B2BE32F158678B200422193</string>
			</array>
			<key>isa</key>
			<string>PBXNativeTarget</string>
			<key>name</key>
			<string>NewFrameworkTests</string>
			<key>productName</key>
			<string>NewFrameworkTests</string>
			<key>productReference</key>
			<string>3B2BE328158678B200422193</string>
			<key>productType</key>
			<string>com.apple.product-type.bundle</string>
		</dict>
		<key>3B2BE328158678B200422193</key>
		<dict>
			<key>explicitFileType</key>
			<string>wrapper.cfbundle</string>
			<key>includeInIndex</key>
			<string>0</string>
			<key>isa</key>
			<string>PBXFileReference</string>
			<key>name</key>
			<string>NewFrameworkTests.octest</string>
			<key>path</key>
			<string>NewFrameworkTests.octest</string>
			<key>sourceTree</key>
			<string>BUILT_PRODUCTS_DIR</string>
		</dict>
		<key>3B2BE329158678B200422193</key>
		<dict>
			<key>isa</key>
			<string>PBXFileReference</string>
			<key>lastKnownFileType</key>
			<string>wrapper.framework</string>
			<key>name</key>
			<string>SenTestingKit.framework</string>
			<key>path</key>
			<string>Library/Frameworks/SenTestingKit.framework</string>
			<key>sourceTree</key>
			<string>DEVELOPER_DIR</string>
		</dict>
		<key>3B2BE32A158678B200422193</key>
		<dict>
			<key>fileRef</key>
			<string>3B2BE329158678B200422193</string>
			<key>isa</key>
			<string>PBXBuildFile</string>
		</dict>
		<key>3B2BE32B158678B200422193</key>
		<dict>
			<key>fileRef</key>
			<string>3B2BE30C158678B200422193</string>
			<key>isa</key>
			<string>PBXBuildFile</string>
		</dict>
		<key>3B2BE32C158678B200422193</key>
		<dict>
			<key>fileRef</key>
			<string>3B2BE30E158678B200422193</string>
			<key>isa</key>
			<string>PBXBuildFile</string>
		</dict>
		<key>3B2BE32D158678B200422193</key>
		<dict>
			<key>fileRef</key>
			<string>3B2BE312158678B200422193</string>
			<key>isa</key>
			<string>PBXBuildFile</string>
		</dict>
		<key>3B2BE32E158678B200422193</key>
		<dict>
			<key>containerPortal</key>
			<string>3B2BE2FF158678B100422193</string>
			<key>isa</key>
			<string>PBXContainerItemProxy</string>
			<key>proxyType</key>
			<string>1</string>
			<key>remoteGlobalIDString</key>
			<string>3B2BE307158678B100422193</string>
			<key>remoteInfo</key>
			<string>NewFramework</string>
		</dict>
		<key>3B2BE32F158678B200422193</key>
		<dict>
			<key>isa</key>
			<string>PBXTargetDependency</string>
			<key>target</key>
			<string>3B2BE307158678B100422193</string>
			<key>targetProxy</key>
			<string>3B2BE32E158678B200422193</string>
		</dict>
		<key>3B2BE330158678B200422193</key>
		<dict>
			<key>children</key>
			<array>
				<string>3B2BE336158678B200422193</string>
				<string>3B2BE337158678B200422193</string>
				<string>3B2BE331158678B200422193</string>
			</array>
			<key>isa</key>
			<string>PBXGroup</string>
			<key>path</key>
			<string>NewFrameworkTests</string>
			<key>sourceTree</key>
			<string>&lt;group&gt;</string>
		</dict>
		<key>3B2BE331158678B200422193</key>
		<dict>
			<key>children</key>
			<array>
				<string>3B2BE332158678B200422193</string>
				<string>3B2BE333158678B200422193</string>
			</array>
			<key>isa</key>
			<string>PBXGroup</string>
			<key>name</key>
			<string>Supporting Files</string>
			<key>sourceTree</key>
			<string>&lt;group&gt;</string>
		</dict>
		<key>3B2BE332158678B200422193</key>
		<dict>
			<key>isa</key>
			<string>PBXFileReference</string>
			<key>lastKnownFileType</key>
			<string>text.plist.xml</string>
			<key>name</key>
			<string>NewFrameworkTests-Info.plist</string>
			<key>path</key>
			<string>NewFrameworkTests-Info.plist</string>
			<key>sourceTree</key>
			<string>&lt;group&gt;</string>
		</dict>
		<key>3B2BE333158678B200422193</key>
		<dict>
			<key>children</key>
			<array>
				<string>3B2BE334158678B200422193</string>
			</array>
			<key>isa</key>
			<string>PBXVariantGroup</string>
			<key>name</key>
			<string>InfoPlist.strings</string>
			<key>sourceTree</key>
			<string>&lt;group&gt;</string>
		</dict>
		<key>3B2BE334158678B200422193</key>
		<dict>
			<key>isa</key>
			<string>PBXFileReference</string>
			<key>lastKnownFileType</key>
			<string>text.plist.strings</string>
			<key>name</key>
			<string>en</string>
			<key>path</key>
			<string>en.lproj/InfoPlist.strings</string>
			<key>sourceTree</key>
			<string>&lt;group&gt;</string>
		</dict>
		<key>3B2BE335158678B200422193</key>
		<dict>
			<key>fileRef</key>
			<string>3B2BE333158678B200422193</string>
			<key>isa</key>
			<string>PBXBuildFile</string>
		</dict>
		<key>3B2BE336158678B200422193</key>
		<dict>
			<key>isa</key>
			<string>PBXFileReference</string>
			<key>lastKnownFileType</key>
			<string>sourcecode.c.h</string>
			<key>name</key>
			<string>NewFrameworkTests.h</string>
			<key>path</key>
			<string>NewFrameworkTests.h</string>
			<key>sourceTree</key>
			<string>&lt;group&gt;</string>
		</dict>
		<key>3B2BE337158678B200422193</key>
		<dict>
			<key>isa</key>
			<string>PBXFileReference</string>
			<key>lastKnownFileType</key>
			<string>sourcecode.c.objc</string>
			<key>name</key>
			<string>NewFrameworkTests.m</string>
			<key>path</key>
			<string>NewFrameworkTests.m</string>
			<key>sourceTree</key>
			<string>&lt;group&gt;</string>
		</dict>
		<key>3B2BE338158678B200422193</key>
		<dict>
			<key>fileRef</key>
			<string>3B2BE337158678B200422193</string>
			<key>isa</key>
			<string>PBXBuildFile</string>
		</dict>
		<key>3B2BE339158678B200422193</key>
		<dict>
			<key>buildSettings</key>
			<dict>
				<key>ALWAYS_SEARCH_USER_PATHS</key>
				<string>NO</string>
				<key>ARCHS</key>
				<string>$(ARCHS_STANDARD_32_BIT)</string>
				<key>CLANG_ENABLE_OBJC_ARC</key>
				<string>YES</string>
				<key>CODE_SIGN_IDENTITY[sdk=iphoneos*]</key>
				<string>iPhone Developer</string>
				<key>COPY_PHASE_STRIP</key>
				<string>NO</string>
				<key>GCC_C_LANGUAGE_STANDARD</key>
				<string>gnu99</string>
				<key>GCC_DYNAMIC_NO_PIC</key>
				<string>NO</string>
				<key>GCC_OPTIMIZATION_LEVEL</key>
				<string>0</string>
				<key>GCC_PREPROCESSOR_DEFINITIONS</key>
				<array>
					<string>DEBUG=1</string>
					<string>$(inherited)</string>
				</array>
				<key>GCC_SYMBOLS_PRIVATE_EXTERN</key>
				<string>NO</string>
				<key>GCC_VERSION</key>
				<string>com.apple.compilers.llvm.clang.1_0</string>
				<key>GCC_WARN_ABOUT_MISSING_PROTOTYPES</key>
				<string>YES</string>
				<key>GCC_WARN_ABOUT_RETURN_TYPE</key>
				<string>YES</string>
				<key>GCC_WARN_UNUSED_VARIABLE</key>
				<string>YES</string>
				<key>IPHONEOS_DEPLOYMENT_TARGET</key>
				<string>5.0</string>
				<key>SDKROOT</key>
				<string>iphoneos</string>
				<key>TARGETED_DEVICE_FAMILY</key>
				<string>1,2</string>
			</dict>
			<key>isa</key>
			<string>XCBuildConfiguration</string>
			<key>name</key>
			<string>Debug</string>
		</dict>
		<key>3B2BE33A158678B200422193</key>
		<dict>
			<key>buildSettings</key>
			<dict>
				<key>ALWAYS_SEARCH_USER_PATHS</key>
				<string>NO</string>
				<key>ARCHS</key>
				<string>$(ARCHS_STANDARD_32_BIT)</string>
				<key>CLANG_ENABLE_OBJC_ARC</key>
				<string>YES</string>
				<key>CODE_SIGN_IDENTITY[sdk=iphoneos*]</key>
				<string>iPhone Developer</string>
				<key>COPY_PHASE_STRIP</key>
				<string>YES</string>
				<key>GCC_C_LANGUAGE_STANDARD</key>
				<string>gnu99</string>
				<key>GCC_VERSION</key>
				<string>com.apple.compilers.llvm.clang.1_0</string>
				<key>GCC_WARN_ABOUT_MISSING_PROTOTYPES</key>
				<string>YES</string>
				<key>GCC_WARN_ABOUT_RETURN_TYPE</key>
				<string>YES</string>
				<key>GCC_WARN_UNUSED_VARIABLE</key>
				<string>YES</string>
				<key>IPHONEOS_DEPLOYMENT_TARGET</key>
				<string>5.0</string>
				<key>OTHER_CFLAGS</key>
				<string>-DNS_BLOCK_ASSERTIONS=1</string>
				<key>SDKROOT</key>
				<string>iphoneos</string>
				<key>TARGETED_DEVICE_FAMILY</key>
				<string>1,2</string>
				<key>VALIDATE_PRODUCT</key>
				<string>YES</string>
			</dict>
			<key>isa</key>
			<string>XCBuildConfiguration</string>
			<key>name</key>
			<string>Release</string>
		</dict>
		<key>3B2BE33B158678B200422193</key>
		<dict>
			<key>buildConfigurations</key>
			<array>
				<string>3B2BE33C158678B200422193</string>
				<string>3B2BE33D158678B200422193</string>
			</array>
			<key>defaultConfigurationIsVisible</key>
			<string>0</string>
			<key>defaultConfigurationName</key>
			<string>Release</string>
			<key>isa</key>
			<string>XCConfigurationList</string>
		</dict>
		<key>3B2BE33C158678B200422193</key>
		<dict>
			<key>baseConfigurationReference</key>
			<string>2888E76D66824F518715A519</string>
			<key>buildSettings</key>
			<dict>
				<key>DSTROOT</key>
				<string>/tmp/xcodeproj.dst</string>
				<key>GCC_PRECOMPILE_PREFIX_HEADER</key>
				<string>YES</string>
				<key>GCC_PREFIX_HEADER</key>
				<string>NewFramework/NewFramework-Prefix.pch</string>
				<key>GCC_VERSION</key>
				<string>com.apple.compilers.llvm.clang.1_0</string>
				<key>INFOPLIST_FILE</key>
				<string>NewFramework/NewFramework-Info.plist</string>
				<key>PRODUCT_NAME</key>
				<string>$(TARGET_NAME)</string>
				<key>SKIP_INSTALL</key>
				<string>YES</string>
				<key>WRAPPER_EXTENSION</key>
				<string>app</string>
			</dict>
			<key>isa</key>
			<string>XCBuildConfiguration</string>
			<key>name</key>
			<string>Debug</string>
		</dict>
		<key>3B2BE33D158678B200422193</key>
		<dict>
			<key>baseConfigurationReference</key>
			<string>2888E76D66824F518715A519</string>
			<key>buildSettings</key>
			<dict>
				<key>DSTROOT</key>
				<string>/tmp/xcodeproj.dst</string>
				<key>GCC_PRECOMPILE_PREFIX_HEADER</key>
				<string>YES</string>
				<key>GCC_PREFIX_HEADER</key>
				<string>NewFramework/NewFramework-Prefix.pch</string>
				<key>GCC_VERSION</key>
				<string>com.apple.compilers.llvm.clang.1_0</string>
				<key>INFOPLIST_FILE</key>
				<string>NewFramework/NewFramework-Info.plist</string>
				<key>PRODUCT_NAME</key>
				<string>$(TARGET_NAME)</string>
				<key>SKIP_INSTALL</key>
				<string>YES</string>
				<key>WRAPPER_EXTENSION</key>
				<string>app</string>
			</dict>
			<key>isa</key>
			<string>XCBuildConfiguration</string>
			<key>name</key>
			<string>Release</string>
		</dict>
		<key>3B2BE33E158678B200422193</key>
		<dict>
			<key>buildConfigurations</key>
			<array>
				<string>3B2BE33F158678B200422193</string>
				<string>3B2BE340158678B200422193</string>
			</array>
			<key>defaultConfigurationIsVisible</key>
			<string>0</string>
			<key>defaultConfigurationName</key>
			<string>Release</string>
			<key>isa</key>
			<string>XCConfigurationList</string>
		</dict>
		<key>3B2BE33F158678B200422193</key>
		<dict>
			<key>baseConfigurationReference</key>
			<string>2888E76D66824F518715A519</string>
			<key>buildSettings</key>
			<dict>
				<key>BUNDLE_LOADER</key>
				<string>$(BUILT_PRODUCTS_DIR)/NewFramework.app/NewFramework</string>
				<key>DSTROOT</key>
				<string>/tmp/xcodeproj.dst</string>
				<key>FRAMEWORK_SEARCH_PATHS</key>
				<array>
					<string>$(SDKROOT)/Developer/Library/Frameworks</string>
					<string>$(DEVELOPER_LIBRARY_DIR)/Frameworks</string>
				</array>
				<key>GCC_PRECOMPILE_PREFIX_HEADER</key>
				<string>YES</string>
				<key>GCC_PREFIX_HEADER</key>
				<string>NewFramework/NewFramework-Prefix.pch</string>
				<key>GCC_VERSION</key>
				<string>com.apple.compilers.llvm.clang.1_0</string>
				<key>INFOPLIST_FILE</key>
				<string>NewFrameworkTests/NewFrameworkTests-Info.plist</string>
				<key>PRODUCT_NAME</key>
				<string>$(TARGET_NAME)</string>
				<key>SKIP_INSTALL</key>
				<string>YES</string>
				<key>TEST_HOST</key>
				<string>$(BUNDLE_LOADER)</string>
				<key>WRAPPER_EXTENSION</key>
				<string>octest</string>
			</dict>
			<key>isa</key>
			<string>XCBuildConfiguration</string>
			<key>name</key>
			<string>Debug</string>
		</dict>
		<key>3B2BE340158678B200422193</key>
		<dict>
			<key>baseConfigurationReference</key>
			<string>2888E76D66824F518715A519</string>
			<key>buildSettings</key>
			<dict>
				<key>BUNDLE_LOADER</key>
				<string>$(BUILT_PRODUCTS_DIR)/NewFramework.app/NewFramework</string>
				<key>DSTROOT</key>
				<string>/tmp/xcodeproj.dst</string>
				<key>FRAMEWORK_SEARCH_PATHS</key>
				<array>
					<string>$(SDKROOT)/Developer/Library/Frameworks</string>
					<string>$(DEVELOPER_LIBRARY_DIR)/Frameworks</string>
				</array>
				<key>GCC_PRECOMPILE_PREFIX_HEADER</key>
				<string>YES</string>
				<key>GCC_PREFIX_HEADER</key>
				<string>NewFramework/NewFramework-Prefix.pch</string>
				<key>GCC_VERSION</key>
				<string>com.apple.compilers.llvm.clang.1_0</string>
				<key>INFOPLIST_FILE</key>
				<string>NewFrameworkTests/NewFrameworkTests-Info.plist</string>
				<key>PRODUCT_NAME</key>
				<string>$(TARGET_NAME)</string>
				<key>SKIP_INSTALL</key>
				<string>YES</string>
				<key>TEST_HOST</key>
				<string>$(BUNDLE_LOADER)</string>
				<key>WRAPPER_EXTENSION</key>
				<string>octest</string>
			</dict>
			<key>isa</key>
			<string>XCBuildConfiguration</string>
			<key>name</key>
			<string>Release</string>
		</dict>
		<key>3B2BE341158678D500422193</key>
		<dict>
			<key>children</key>
			<array>
				<string>3B2BE342158678F000422193</string>
				<string>3B2BE343158678F000422193</string>
				<string>3BCDBE8315880A7700EACAC7</string>
				<string>3BCDBE8415880A7700EACAC7</string>
			</array>
			<key>isa</key>
			<string>PBXGroup</string>
			<key>name</key>
			<string>Controllers</string>
			<key>sourceTree</key>
			<string>&lt;group&gt;</string>
		</dict>
		<key>3B2BE342158678F000422193</key>
		<dict>
			<key>fileEncoding</key>
			<string>4</string>
			<key>isa</key>
			<string>PBXFileReference</string>
			<key>lastKnownFileType</key>
			<string>sourcecode.c.h</string>
			<key>name</key>
			<string>RootViewController.h</string>
			<key>path</key>
			<string>Controllers/RootViewController.h</string>
			<key>sourceTree</key>
			<string>&lt;group&gt;</string>
		</dict>
		<key>3B2BE343158678F000422193</key>
		<dict>
			<key>fileEncoding</key>
			<string>4</string>
			<key>isa</key>
			<string>PBXFileReference</string>
			<key>lastKnownFileType</key>
			<string>sourcecode.c.objc</string>
			<key>name</key>
			<string>RootViewController.m</string>
			<key>path</key>
			<string>Controllers/RootViewController.m</string>
			<key>sourceTree</key>
			<string>&lt;group&gt;</string>
		</dict>
		<key>3B2BE344158678F000422193</key>
		<dict>
			<key>fileRef</key>
			<string>3B2BE343158678F000422193</string>
			<key>isa</key>
			<string>PBXBuildFile</string>
		</dict>
		<key>3BCDBE8315880A7700EACAC7</key>
		<dict>
			<key>fileEncoding</key>
			<string>4</string>
			<key>isa</key>
			<string>PBXFileReference</string>
			<key>lastKnownFileType</key>
			<string>sourcecode.c.h</string>
			<key>name</key>
			<string>RemoteWebViewController.h</string>
			<key>path</key>
			<string>Controllers/RemoteWebViewController.h</string>
			<key>sourceTree</key>
			<string>&lt;group&gt;</string>
		</dict>
		<key>3BCDBE8415880A7700EACAC7</key>
		<dict>
			<key>fileEncoding</key>
			<string>4</string>
			<key>isa</key>
			<string>PBXFileReference</string>
			<key>lastKnownFileType</key>
			<string>sourcecode.c.objc</string>
			<key>name</key>
			<string>RemoteWebViewController.m</string>
			<key>path</key>
			<string>Controllers/RemoteWebViewController.m</string>
			<key>sourceTree</key>
			<string>&lt;group&gt;</string>
		</dict>
		<key>3BCDBE8515880A7700EACAC7</key>
		<dict>
			<key>fileRef</key>
			<string>3BCDBE8415880A7700EACAC7</string>
			<key>isa</key>
			<string>PBXBuildFile</string>
		</dict>
		<key>8909FF4C4DAD4A2794921768</key>
		<dict>
			<key>fileRef</key>
			<string>19AB6604567D4D7DA8617EE8</string>
			<key>isa</key>
			<string>PBXBuildFile</string>
		</dict>
		<key>A1B227BC05AD4F64B9F661CC</key>
		<dict>
			<key>fileRef</key>
			<string>19AB6604567D4D7DA8617EE8</string>
			<key>isa</key>
			<string>PBXBuildFile</string>
		</dict>
		<key>DE9B78F106744DF88255B830</key>
		<dict>
			<key>buildActionMask</key>
			<string>2147483647</string>
			<key>files</key>
			<array/>
			<key>inputPaths</key>
			<array/>
			<key>isa</key>
			<string>PBXShellScriptBuildPhase</string>
			<key>name</key>
			<string>Copy Pods Resources</string>
			<key>outputPaths</key>
			<array/>
			<key>runOnlyForDeploymentPostprocessing</key>
			<string>0</string>
			<key>shellPath</key>
			<string>/bin/sh</string>
			<key>shellScript</key>
			<string>"${SRCROOT}/Pods/Pods-resources.sh"
</string>
		</dict>
	</dict>
	<key>rootObject</key>
	<string>3B2BE2FF158678B100422193</string>
</dict>
</plist>
