// !$*UTF8*$!
{
	archiveVersion = 1;
	classes = {
	};
	objectVersion = 46;
	objects = {

/* Begin PBXBuildFile section */
		3B0EB01C15DC6EC2002181EF /* InfoPlist.strings in Resources */ = {isa = PBXBuildFile; fileRef = 3B0EAFF615DC6EC2002181EF /* InfoPlist.strings */; };
		3B0EB01D15DC6EC2002181EF /* InflectionsTestBundle-Info.plist in Resources */ = {isa = PBXBuildFile; fileRef = 3B0EAFFC15DC6EC2002181EF /* InflectionsTestBundle-Info.plist */; };
		3B0EB01F15DC6EC2002181EF /* Info.plist in Resources */ = {isa = PBXBuildFile; fileRef = 3B0EAFFF15DC6EC2002181EF /* Info.plist */; };
		3B0EB02015DC6EC2002181EF /* MIT-LICENSE in Resources */ = {isa = PBXBuildFile; fileRef = 3B0EB00015DC6EC2002181EF /* MIT-LICENSE */; };
		3B0EB02115DC6EC2002181EF /* NSString+Inflections.m in Sources */ = {isa = PBXBuildFile; fileRef = 3B0EB00215DC6EC2002181EF /* NSString+Inflections.m */; settings = {COMPILER_FLAGS = "-fno-objc-arc"; }; };
		3B0EB02215DC6EC2002181EF /* README.markdown in Resources */ = {isa = PBXBuildFile; fileRef = 3B0EB00315DC6EC2002181EF /* README.markdown */; };
		3B0EB02315DC6EC2002181EF /* RegexKitLite.m in Sources */ = {isa = PBXBuildFile; fileRef = 3B0EB00515DC6EC2002181EF /* RegexKitLite.m */; settings = {COMPILER_FLAGS = "-fno-objc-arc"; }; };
		3B0EB02415DC6EC2002181EF /* RegKitLite-License.rtf in Resources */ = {isa = PBXBuildFile; fileRef = 3B0EB00615DC6EC2002181EF /* RegKitLite-License.rtf */; };
		3B0EB02915DC6EC2002181EF /* HttpUserCredentials.m in Sources */ = {isa = PBXBuildFile; fileRef = 3B0EB01015DC6EC2002181EF /* HttpUserCredentials.m */; };
		3B0EB02A15DC6EC2002181EF /* SFHFKeychainUtils.m in Sources */ = {isa = PBXBuildFile; fileRef = 3B0EB01215DC6EC2002181EF /* SFHFKeychainUtils.m */; settings = {COMPILER_FLAGS = "-fno-objc-arc"; }; };
		3B0EB02B15DC6EC2002181EF /* NetworkUtility.m in Sources */ = {isa = PBXBuildFile; fileRef = 3B0EB01415DC6EC2002181EF /* NetworkUtility.m */; settings = {COMPILER_FLAGS = "-fno-objc-arc"; }; };
		3B0EB02D15DC6EC2002181EF /* RemoteNetworkUtility.m in Sources */ = {isa = PBXBuildFile; fileRef = 3B0EB01715DC6EC2002181EF /* RemoteNetworkUtility.m */; };
		3B0FC95415A5E33C00087094 /* Security.framework in Frameworks */ = {isa = PBXBuildFile; fileRef = 3B0FC95315A5E33C00087094 /* Security.framework */; };
		3B2BE30D158678B200422193 /* UIKit.framework in Frameworks */ = {isa = PBXBuildFile; fileRef = 3B2BE30C158678B200422193 /* UIKit.framework */; };
		3B2BE30F158678B200422193 /* Foundation.framework in Frameworks */ = {isa = PBXBuildFile; fileRef = 3B2BE30E158678B200422193 /* Foundation.framework */; };
		3B2BE311158678B200422193 /* CoreGraphics.framework in Frameworks */ = {isa = PBXBuildFile; fileRef = 3B2BE310158678B200422193 /* CoreGraphics.framework */; };
		3B2BE313158678B200422193 /* CoreData.framework in Frameworks */ = {isa = PBXBuildFile; fileRef = 3B2BE312158678B200422193 /* CoreData.framework */; };
		3B2BE32A158678B200422193 /* SenTestingKit.framework in Frameworks */ = {isa = PBXBuildFile; fileRef = 3B2BE329158678B200422193 /* SenTestingKit.framework */; };
		3B2BE32B158678B200422193 /* UIKit.framework in Frameworks */ = {isa = PBXBuildFile; fileRef = 3B2BE30C158678B200422193 /* UIKit.framework */; };
		3B2BE32C158678B200422193 /* Foundation.framework in Frameworks */ = {isa = PBXBuildFile; fileRef = 3B2BE30E158678B200422193 /* Foundation.framework */; };
		3B2BE32D158678B200422193 /* CoreData.framework in Frameworks */ = {isa = PBXBuildFile; fileRef = 3B2BE312158678B200422193 /* CoreData.framework */; };
		3B5D0F9915DC705F000F03FC /* libicucore.dylib in Frameworks */ = {isa = PBXBuildFile; fileRef = 3B5D0F9815DC705F000F03FC /* libicucore.dylib */; };
		3B5D0FA015DC710E000F03FC /* SenTestingKit.framework in Frameworks */ = {isa = PBXBuildFile; fileRef = 3B2BE329158678B200422193 /* SenTestingKit.framework */; };
		3BAE431515DC739B00E26674 /* FriendsController.m in Sources */ = {isa = PBXBuildFile; fileRef = 3BAE42E115DC739B00E26674 /* FriendsController.m */; };
		3BAE431615DC739B00E26674 /* AppDelegate.m in Sources */ = {isa = PBXBuildFile; fileRef = 3BAE42E315DC739B00E26674 /* AppDelegate.m */; };
		3BAE431715DC739B00E26674 /* Config-AppDelegate.plist in Resources */ = {isa = PBXBuildFile; fileRef = 3BAE42E415DC739B00E26674 /* Config-AppDelegate.plist */; };
		3BAE431815DC739B00E26674 /* InfoPlist.strings in Resources */ = {isa = PBXBuildFile; fileRef = 3BAE42E515DC739B00E26674 /* InfoPlist.strings */; };
		3BAE431915DC739B00E26674 /* disclosure-indicator.png in Resources */ = {isa = PBXBuildFile; fileRef = 3BAE42E815DC739B00E26674 /* disclosure-indicator.png */; };
		3BAE432615DC739B00E26674 /* UIWebView+Interface.m in Sources */ = {isa = PBXBuildFile; fileRef = 3BAE42FE15DC739B00E26674 /* UIWebView+Interface.m */; };
		3BAE432A15DC739B00E26674 /* WebInterface.m in Sources */ = {isa = PBXBuildFile; fileRef = 3BAE430915DC739B00E26674 /* WebInterface.m */; };
		3BAE432B15DC739B00E26674 /* main.m in Sources */ = {isa = PBXBuildFile; fileRef = 3BAE430A15DC739B00E26674 /* main.m */; };
		3BAE432D15DC739B00E26674 /* MWT.xcdatamodeld in Sources */ = {isa = PBXBuildFile; fileRef = 3BAE430D15DC739B00E26674 /* MWT.xcdatamodeld */; };
		3BAE432E15DC739B00E26674 /* bootstrap-responsive.min.css in Resources */ = {isa = PBXBuildFile; fileRef = 3BAE431015DC739B00E26674 /* bootstrap-responsive.min.css */; };
		3BAE432F15DC739B00E26674 /* bootstrap.min.css in Resources */ = {isa = PBXBuildFile; fileRef = 3BAE431115DC739B00E26674 /* bootstrap.min.css */; };
		3BAE433015DC739B00E26674 /* framework.css in Resources */ = {isa = PBXBuildFile; fileRef = 3BAE431215DC739B00E26674 /* framework.css */; };
		3BAE433115DC739B00E26674 /* theme-ios.css in Resources */ = {isa = PBXBuildFile; fileRef = 3BAE431415DC739B00E26674 /* theme-ios.css */; };
		3BAE434F15DC740B00E26674 /* Functions.m in Sources */ = {isa = PBXBuildFile; fileRef = 3BAE430215DC739B00E26674 /* Functions.m */; };
		3BAE435015DC740B00E26674 /* Loader.m in Sources */ = {isa = PBXBuildFile; fileRef = 3BAE430415DC739B00E26674 /* Loader.m */; };
		3BAE435115DC740B00E26674 /* WebController.m in Sources */ = {isa = PBXBuildFile; fileRef = 3BAE430715DC739B00E26674 /* WebController.m */; };
		3BAE435215DC741500E26674 /* GTMNSString+HTML.m in Sources */ = {isa = PBXBuildFile; fileRef = 3BAE42F415DC739B00E26674 /* GTMNSString+HTML.m */; settings = {COMPILER_FLAGS = "-fno-objc-arc"; }; };
		3BAE435315DC741500E26674 /* NSObject+ObjectConfig.m in Sources */ = {isa = PBXBuildFile; fileRef = 3BAE42F615DC739B00E26674 /* NSObject+ObjectConfig.m */; };
		3BAE435415DC741500E26674 /* NSString+HTML.m in Sources */ = {isa = PBXBuildFile; fileRef = 3BAE42F815DC739B00E26674 /* NSString+HTML.m */; settings = {COMPILER_FLAGS = "-fno-objc-arc"; }; };
		3BAE435515DC741500E26674 /* NSURL+QueryDictionary.m in Sources */ = {isa = PBXBuildFile; fileRef = 3BAE42FA15DC739B00E26674 /* NSURL+QueryDictionary.m */; };
		3BAE435615DC741500E26674 /* UIWebView+General.m in Sources */ = {isa = PBXBuildFile; fileRef = 3BAE42FC15DC739B00E26674 /* UIWebView+General.m */; };
		3BAE435715DC744700E26674 /* boot.js in Resources */ = {isa = PBXBuildFile; fileRef = 3BAE434115DC73EB00E26674 /* boot.js */; };
		3BAE435815DC744700E26674 /* jgestures.min.js in Resources */ = {isa = PBXBuildFile; fileRef = 3BAE434215DC73EB00E26674 /* jgestures.min.js */; };
		3BAE435915DC744700E26674 /* jquery-1.7.2.min.js in Resources */ = {isa = PBXBuildFile; fileRef = 3BAE434315DC73EB00E26674 /* jquery-1.7.2.min.js */; };
		3BAE435A15DC744700E26674 /* lib.js in Resources */ = {isa = PBXBuildFile; fileRef = 3BAE434415DC73EB00E26674 /* lib.js */; };
		3BAE435B15DC744700E26674 /* mobile_framework.js in Resources */ = {isa = PBXBuildFile; fileRef = 3BAE434515DC73EB00E26674 /* mobile_framework.js */; };
		3BAE435C15DC744700E26674 /* mustache.js in Resources */ = {isa = PBXBuildFile; fileRef = 3BAE434615DC73EB00E26674 /* mustache.js */; };
		3BAE435D15DC744700E26674 /* underscore-min.js in Resources */ = {isa = PBXBuildFile; fileRef = 3BAE434715DC73EB00E26674 /* underscore-min.js */; };
		3BD9AB6915DC6C990081642A /* InfoPlist.strings in Resources */ = {isa = PBXBuildFile; fileRef = 3BD9AB6415DC6C990081642A /* InfoPlist.strings */; };
		3BD9AB6B15DC6C990081642A /* MWTTests.m in Sources */ = {isa = PBXBuildFile; fileRef = 3BD9AB6815DC6C990081642A /* MWTTests.m */; };
		8909FF4C4DAD4A2794921768 /* libPods.a in Frameworks */ = {isa = PBXBuildFile; fileRef = 19AB6604567D4D7DA8617EE8 /* libPods.a */; };
		A1B227BC05AD4F64B9F661CC /* libPods.a in Frameworks */ = {isa = PBXBuildFile; fileRef = 19AB6604567D4D7DA8617EE8 /* libPods.a */; };
/* End PBXBuildFile section */

/* Begin PBXContainerItemProxy section */
		3B0EB03015DC6EC2002181EF /* PBXContainerItemProxy */ = {
			isa = PBXContainerItemProxy;
			containerPortal = 3B0EAFF815DC6EC2002181EF /* Inflections.xcodeproj */;
			proxyType = 2;
			remoteGlobalIDString = 8DC2EF5B0486A6940098B216;
			remoteInfo = Inflections;
		};
		3B0EB03215DC6EC2002181EF /* PBXContainerItemProxy */ = {
			isa = PBXContainerItemProxy;
			containerPortal = 3B0EAFF815DC6EC2002181EF /* Inflections.xcodeproj */;
			proxyType = 2;
			remoteGlobalIDString = 66BF3CF112657CB600B78BF0;
			remoteInfo = InflectionsTestBundle;
		};
		3B2BE32E158678B200422193 /* PBXContainerItemProxy */ = {
			isa = PBXContainerItemProxy;
			containerPortal = 3B2BE2FF158678B100422193 /* Project object */;
			proxyType = 1;
			remoteGlobalIDString = 3B2BE307158678B100422193;
			remoteInfo = NewFramework;
		};
/* End PBXContainerItemProxy section */

/* Begin PBXFileReference section */
		19AB6604567D4D7DA8617EE8 /* libPods.a */ = {isa = PBXFileReference; explicitFileType = archive.ar; includeInIndex = 0; path = libPods.a; sourceTree = BUILT_PRODUCTS_DIR; };
		2888E76D66824F518715A519 /* Pods.xcconfig */ = {isa = PBXFileReference; lastKnownFileType = text.xcconfig; name = Pods.xcconfig; path = Pods/Pods.xcconfig; sourceTree = SOURCE_ROOT; };
		3B0EAFF515DC6EC2002181EF /* .gitignore */ = {isa = PBXFileReference; fileEncoding = 4; lastKnownFileType = text; path = .gitignore; sourceTree = "<group>"; };
		3B0EAFF715DC6EC2002181EF /* English */ = {isa = PBXFileReference; lastKnownFileType = text.plist.strings; name = English; path = English.lproj/InfoPlist.strings; sourceTree = "<group>"; };
		3B0EAFF815DC6EC2002181EF /* Inflections.xcodeproj */ = {isa = PBXFileReference; lastKnownFileType = "wrapper.pb-project"; path = Inflections.xcodeproj; sourceTree = "<group>"; };
		3B0EAFFB15DC6EC2002181EF /* Inflections_Prefix.pch */ = {isa = PBXFileReference; fileEncoding = 4; lastKnownFileType = sourcecode.c.h; path = Inflections_Prefix.pch; sourceTree = "<group>"; };
		3B0EAFFC15DC6EC2002181EF /* InflectionsTestBundle-Info.plist */ = {isa = PBXFileReference; fileEncoding = 4; lastKnownFileType = text.plist.xml; path = "InflectionsTestBundle-Info.plist"; sourceTree = "<group>"; };
		3B0EAFFD15DC6EC2002181EF /* InflectionsTestCase.h */ = {isa = PBXFileReference; fileEncoding = 4; lastKnownFileType = sourcecode.c.h; path = InflectionsTestCase.h; sourceTree = "<group>"; };
		3B0EAFFE15DC6EC2002181EF /* InflectionsTestCase.m */ = {isa = PBXFileReference; fileEncoding = 4; lastKnownFileType = sourcecode.c.objc; path = InflectionsTestCase.m; sourceTree = "<group>"; };
		3B0EAFFF15DC6EC2002181EF /* Info.plist */ = {isa = PBXFileReference; fileEncoding = 4; lastKnownFileType = text.plist.xml; path = Info.plist; sourceTree = "<group>"; };
		3B0EB00015DC6EC2002181EF /* MIT-LICENSE */ = {isa = PBXFileReference; fileEncoding = 4; lastKnownFileType = text; path = "MIT-LICENSE"; sourceTree = "<group>"; };
		3B0EB00115DC6EC2002181EF /* NSString+Inflections.h */ = {isa = PBXFileReference; fileEncoding = 4; lastKnownFileType = sourcecode.c.h; path = "NSString+Inflections.h"; sourceTree = "<group>"; };
		3B0EB00215DC6EC2002181EF /* NSString+Inflections.m */ = {isa = PBXFileReference; fileEncoding = 4; lastKnownFileType = sourcecode.c.objc; path = "NSString+Inflections.m"; sourceTree = "<group>"; };
		3B0EB00315DC6EC2002181EF /* README.markdown */ = {isa = PBXFileReference; fileEncoding = 4; lastKnownFileType = text; path = README.markdown; sourceTree = "<group>"; };
		3B0EB00415DC6EC2002181EF /* RegexKitLite.h */ = {isa = PBXFileReference; fileEncoding = 4; lastKnownFileType = sourcecode.c.h; path = RegexKitLite.h; sourceTree = "<group>"; };
		3B0EB00515DC6EC2002181EF /* RegexKitLite.m */ = {isa = PBXFileReference; fileEncoding = 4; lastKnownFileType = sourcecode.c.objc; path = RegexKitLite.m; sourceTree = "<group>"; };
		3B0EB00615DC6EC2002181EF /* RegKitLite-License.rtf */ = {isa = PBXFileReference; fileEncoding = 4; lastKnownFileType = text.rtf; path = "RegKitLite-License.rtf"; sourceTree = "<group>"; };
		3B0EB00D15DC6EC2002181EF /* .gitignore */ = {isa = PBXFileReference; fileEncoding = 4; lastKnownFileType = text; path = .gitignore; sourceTree = "<group>"; };
		3B0EB00F15DC6EC2002181EF /* HttpUserCredentials.h */ = {isa = PBXFileReference; fileEncoding = 4; lastKnownFileType = sourcecode.c.h; path = HttpUserCredentials.h; sourceTree = "<group>"; };
		3B0EB01015DC6EC2002181EF /* HttpUserCredentials.m */ = {isa = PBXFileReference; fileEncoding = 4; lastKnownFileType = sourcecode.c.objc; path = HttpUserCredentials.m; sourceTree = "<group>"; };
		3B0EB01115DC6EC2002181EF /* SFHFKeychainUtils.h */ = {isa = PBXFileReference; fileEncoding = 4; lastKnownFileType = sourcecode.c.h; path = SFHFKeychainUtils.h; sourceTree = "<group>"; };
		3B0EB01215DC6EC2002181EF /* SFHFKeychainUtils.m */ = {isa = PBXFileReference; fileEncoding = 4; lastKnownFileType = sourcecode.c.objc; path = SFHFKeychainUtils.m; sourceTree = "<group>"; };
		3B0EB01315DC6EC2002181EF /* NetworkUtility.h */ = {isa = PBXFileReference; fileEncoding = 4; lastKnownFileType = sourcecode.c.h; path = NetworkUtility.h; sourceTree = "<group>"; };
		3B0EB01415DC6EC2002181EF /* NetworkUtility.m */ = {isa = PBXFileReference; fileEncoding = 4; lastKnownFileType = sourcecode.c.objc; path = NetworkUtility.m; sourceTree = "<group>"; };
		3B0EB01515DC6EC2002181EF /* README.md */ = {isa = PBXFileReference; fileEncoding = 4; lastKnownFileType = text; path = README.md; sourceTree = "<group>"; };
		3B0EB01615DC6EC2002181EF /* RemoteNetworkUtility.h */ = {isa = PBXFileReference; fileEncoding = 4; lastKnownFileType = sourcecode.c.h; path = RemoteNetworkUtility.h; sourceTree = "<group>"; };
		3B0EB01715DC6EC2002181EF /* RemoteNetworkUtility.m */ = {isa = PBXFileReference; fileEncoding = 4; lastKnownFileType = sourcecode.c.objc; path = RemoteNetworkUtility.m; sourceTree = "<group>"; };
		3B0FC95315A5E33C00087094 /* Security.framework */ = {isa = PBXFileReference; lastKnownFileType = wrapper.framework; name = Security.framework; path = System/Library/Frameworks/Security.framework; sourceTree = SDKROOT; };
		3B2BE308158678B200422193 /* MWT.app */ = {isa = PBXFileReference; explicitFileType = wrapper.application; includeInIndex = 0; path = MWT.app; sourceTree = BUILT_PRODUCTS_DIR; };
		3B2BE30C158678B200422193 /* UIKit.framework */ = {isa = PBXFileReference; lastKnownFileType = wrapper.framework; name = UIKit.framework; path = System/Library/Frameworks/UIKit.framework; sourceTree = SDKROOT; };
		3B2BE30E158678B200422193 /* Foundation.framework */ = {isa = PBXFileReference; lastKnownFileType = wrapper.framework; name = Foundation.framework; path = System/Library/Frameworks/Foundation.framework; sourceTree = SDKROOT; };
		3B2BE310158678B200422193 /* CoreGraphics.framework */ = {isa = PBXFileReference; lastKnownFileType = wrapper.framework; name = CoreGraphics.framework; path = System/Library/Frameworks/CoreGraphics.framework; sourceTree = SDKROOT; };
		3B2BE312158678B200422193 /* CoreData.framework */ = {isa = PBXFileReference; lastKnownFileType = wrapper.framework; name = CoreData.framework; path = System/Library/Frameworks/CoreData.framework; sourceTree = SDKROOT; };
		3B2BE328158678B200422193 /* MWTTests.octest */ = {isa = PBXFileReference; explicitFileType = wrapper.cfbundle; includeInIndex = 0; path = MWTTests.octest; sourceTree = BUILT_PRODUCTS_DIR; };
		3B2BE329158678B200422193 /* SenTestingKit.framework */ = {isa = PBXFileReference; lastKnownFileType = wrapper.framework; name = SenTestingKit.framework; path = Library/Frameworks/SenTestingKit.framework; sourceTree = DEVELOPER_DIR; };
		3B5D0F9815DC705F000F03FC /* libicucore.dylib */ = {isa = PBXFileReference; lastKnownFileType = "compiled.mach-o.dylib"; name = libicucore.dylib; path = usr/lib/libicucore.dylib; sourceTree = SDKROOT; };
		3BA79FCB15E5F29A00DDD789 /* MWT.h */ = {isa = PBXFileReference; fileEncoding = 4; lastKnownFileType = sourcecode.c.h; path = MWT.h; sourceTree = "<group>"; };
		3BAE42E015DC739B00E26674 /* FriendsController.h */ = {isa = PBXFileReference; fileEncoding = 4; lastKnownFileType = sourcecode.c.h; path = FriendsController.h; sourceTree = "<group>"; };
		3BAE42E115DC739B00E26674 /* FriendsController.m */ = {isa = PBXFileReference; fileEncoding = 4; lastKnownFileType = sourcecode.c.objc; path = FriendsController.m; sourceTree = "<group>"; };
		3BAE42E215DC739B00E26674 /* AppDelegate.h */ = {isa = PBXFileReference; fileEncoding = 4; lastKnownFileType = sourcecode.c.h; path = AppDelegate.h; sourceTree = "<group>"; };
		3BAE42E315DC739B00E26674 /* AppDelegate.m */ = {isa = PBXFileReference; fileEncoding = 4; lastKnownFileType = sourcecode.c.objc; path = AppDelegate.m; sourceTree = "<group>"; };
		3BAE42E415DC739B00E26674 /* Config-AppDelegate.plist */ = {isa = PBXFileReference; fileEncoding = 4; lastKnownFileType = text.plist.xml; path = "Config-AppDelegate.plist"; sourceTree = "<group>"; };
		3BAE42E615DC739B00E26674 /* en */ = {isa = PBXFileReference; lastKnownFileType = text.plist.strings; name = en; path = en.lproj/InfoPlist.strings; sourceTree = "<group>"; };
		3BAE42E815DC739B00E26674 /* disclosure-indicator.png */ = {isa = PBXFileReference; lastKnownFileType = image.png; path = "disclosure-indicator.png"; sourceTree = "<group>"; };
		3BAE42F315DC739B00E26674 /* GTMNSString+HTML.h */ = {isa = PBXFileReference; fileEncoding = 4; lastKnownFileType = sourcecode.c.h; path = "GTMNSString+HTML.h"; sourceTree = "<group>"; };
		3BAE42F415DC739B00E26674 /* GTMNSString+HTML.m */ = {isa = PBXFileReference; fileEncoding = 4; lastKnownFileType = sourcecode.c.objc; path = "GTMNSString+HTML.m"; sourceTree = "<group>"; };
		3BAE42F515DC739B00E26674 /* NSObject+ObjectConfig.h */ = {isa = PBXFileReference; fileEncoding = 4; lastKnownFileType = sourcecode.c.h; path = "NSObject+ObjectConfig.h"; sourceTree = "<group>"; };
		3BAE42F615DC739B00E26674 /* NSObject+ObjectConfig.m */ = {isa = PBXFileReference; fileEncoding = 4; lastKnownFileType = sourcecode.c.objc; path = "NSObject+ObjectConfig.m"; sourceTree = "<group>"; };
		3BAE42F715DC739B00E26674 /* NSString+HTML.h */ = {isa = PBXFileReference; fileEncoding = 4; lastKnownFileType = sourcecode.c.h; path = "NSString+HTML.h"; sourceTree = "<group>"; };
		3BAE42F815DC739B00E26674 /* NSString+HTML.m */ = {isa = PBXFileReference; fileEncoding = 4; lastKnownFileType = sourcecode.c.objc; path = "NSString+HTML.m"; sourceTree = "<group>"; };
		3BAE42F915DC739B00E26674 /* NSURL+QueryDictionary.h */ = {isa = PBXFileReference; fileEncoding = 4; lastKnownFileType = sourcecode.c.h; path = "NSURL+QueryDictionary.h"; sourceTree = "<group>"; };
		3BAE42FA15DC739B00E26674 /* NSURL+QueryDictionary.m */ = {isa = PBXFileReference; fileEncoding = 4; lastKnownFileType = sourcecode.c.objc; path = "NSURL+QueryDictionary.m"; sourceTree = "<group>"; };
		3BAE42FB15DC739B00E26674 /* UIWebView+General.h */ = {isa = PBXFileReference; fileEncoding = 4; lastKnownFileType = sourcecode.c.h; path = "UIWebView+General.h"; sourceTree = "<group>"; };
		3BAE42FC15DC739B00E26674 /* UIWebView+General.m */ = {isa = PBXFileReference; fileEncoding = 4; lastKnownFileType = sourcecode.c.objc; path = "UIWebView+General.m"; sourceTree = "<group>"; };
		3BAE42FD15DC739B00E26674 /* UIWebView+Interface.h */ = {isa = PBXFileReference; fileEncoding = 4; lastKnownFileType = sourcecode.c.h; path = "UIWebView+Interface.h"; sourceTree = "<group>"; };
		3BAE42FE15DC739B00E26674 /* UIWebView+Interface.m */ = {isa = PBXFileReference; fileEncoding = 4; lastKnownFileType = sourcecode.c.objc; path = "UIWebView+Interface.m"; sourceTree = "<group>"; };
		3BAE42FF15DC739B00E26674 /* Categories.h */ = {isa = PBXFileReference; fileEncoding = 4; lastKnownFileType = sourcecode.c.h; path = Categories.h; sourceTree = "<group>"; };
		3BAE430015DC739B00E26674 /* Classes.h */ = {isa = PBXFileReference; fileEncoding = 4; lastKnownFileType = sourcecode.c.h; path = Classes.h; sourceTree = "<group>"; };
		3BAE430115DC739B00E26674 /* Functions.h */ = {isa = PBXFileReference; fileEncoding = 4; lastKnownFileType = sourcecode.c.h; path = Functions.h; sourceTree = "<group>"; };
		3BAE430215DC739B00E26674 /* Functions.m */ = {isa = PBXFileReference; fileEncoding = 4; lastKnownFileType = sourcecode.c.objc; path = Functions.m; sourceTree = "<group>"; };
		3BAE430315DC739B00E26674 /* Loader.h */ = {isa = PBXFileReference; fileEncoding = 4; lastKnownFileType = sourcecode.c.h; path = Loader.h; sourceTree = "<group>"; };
		3BAE430415DC739B00E26674 /* Loader.m */ = {isa = PBXFileReference; fileEncoding = 4; lastKnownFileType = sourcecode.c.objc; path = Loader.m; sourceTree = "<group>"; };
		3BAE430515DC739B00E26674 /* Types.h */ = {isa = PBXFileReference; fileEncoding = 4; lastKnownFileType = sourcecode.c.h; path = Types.h; sourceTree = "<group>"; };
		3BAE430615DC739B00E26674 /* WebController.h */ = {isa = PBXFileReference; fileEncoding = 4; lastKnownFileType = sourcecode.c.h; path = WebController.h; sourceTree = "<group>"; };
		3BAE430715DC739B00E26674 /* WebController.m */ = {isa = PBXFileReference; fileEncoding = 4; lastKnownFileType = sourcecode.c.objc; path = WebController.m; sourceTree = "<group>"; };
		3BAE430815DC739B00E26674 /* WebInterface.h */ = {isa = PBXFileReference; fileEncoding = 4; lastKnownFileType = sourcecode.c.h; path = WebInterface.h; sourceTree = "<group>"; };
		3BAE430915DC739B00E26674 /* WebInterface.m */ = {isa = PBXFileReference; fileEncoding = 4; lastKnownFileType = sourcecode.c.objc; path = WebInterface.m; sourceTree = "<group>"; };
		3BAE430A15DC739B00E26674 /* main.m */ = {isa = PBXFileReference; fileEncoding = 4; lastKnownFileType = sourcecode.c.objc; path = main.m; sourceTree = "<group>"; };
		3BAE430B15DC739B00E26674 /* MWT-Info.plist */ = {isa = PBXFileReference; fileEncoding = 4; lastKnownFileType = text.plist.xml; path = "MWT-Info.plist"; sourceTree = "<group>"; };
		3BAE430C15DC739B00E26674 /* MWT-Prefix.pch */ = {isa = PBXFileReference; fileEncoding = 4; lastKnownFileType = sourcecode.c.h; path = "MWT-Prefix.pch"; sourceTree = "<group>"; };
		3BAE430E15DC739B00E26674 /* MWT.xcdatamodel */ = {isa = PBXFileReference; lastKnownFileType = wrapper.xcdatamodel; path = MWT.xcdatamodel; sourceTree = "<group>"; };
		3BAE431015DC739B00E26674 /* bootstrap-responsive.min.css */ = {isa = PBXFileReference; fileEncoding = 4; lastKnownFileType = text.css; path = "bootstrap-responsive.min.css"; sourceTree = "<group>"; };
		3BAE431115DC739B00E26674 /* bootstrap.min.css */ = {isa = PBXFileReference; fileEncoding = 4; lastKnownFileType = text.css; path = bootstrap.min.css; sourceTree = "<group>"; };
		3BAE431215DC739B00E26674 /* framework.css */ = {isa = PBXFileReference; fileEncoding = 4; lastKnownFileType = text.css; path = framework.css; sourceTree = "<group>"; };
		3BAE431415DC739B00E26674 /* theme-ios.css */ = {isa = PBXFileReference; fileEncoding = 4; lastKnownFileType = text.css; path = "theme-ios.css"; sourceTree = "<group>"; };
		3BAE434115DC73EB00E26674 /* boot.js */ = {isa = PBXFileReference; fileEncoding = 4; lastKnownFileType = sourcecode.javascript; path = boot.js; sourceTree = "<group>"; };
		3BAE434215DC73EB00E26674 /* jgestures.min.js */ = {isa = PBXFileReference; fileEncoding = 4; lastKnownFileType = sourcecode.javascript; path = jgestures.min.js; sourceTree = "<group>"; };
		3BAE434315DC73EB00E26674 /* jquery-1.7.2.min.js */ = {isa = PBXFileReference; fileEncoding = 4; lastKnownFileType = sourcecode.javascript; path = "jquery-1.7.2.min.js"; sourceTree = "<group>"; };
		3BAE434415DC73EB00E26674 /* lib.js */ = {isa = PBXFileReference; fileEncoding = 4; lastKnownFileType = sourcecode.javascript; path = lib.js; sourceTree = "<group>"; };
		3BAE434515DC73EB00E26674 /* mobile_framework.js */ = {isa = PBXFileReference; fileEncoding = 4; lastKnownFileType = sourcecode.javascript; path = mobile_framework.js; sourceTree = "<group>"; };
		3BAE434615DC73EB00E26674 /* mustache.js */ = {isa = PBXFileReference; fileEncoding = 4; lastKnownFileType = sourcecode.javascript; path = mustache.js; sourceTree = "<group>"; };
		3BAE434715DC73EB00E26674 /* underscore-min.js */ = {isa = PBXFileReference; fileEncoding = 4; lastKnownFileType = sourcecode.javascript; path = "underscore-min.js"; sourceTree = "<group>"; };
		3BD9AB6515DC6C990081642A /* en */ = {isa = PBXFileReference; lastKnownFileType = text.plist.strings; name = en; path = en.lproj/InfoPlist.strings; sourceTree = "<group>"; };
		3BD9AB6615DC6C990081642A /* MWTTests-Info.plist */ = {isa = PBXFileReference; fileEncoding = 4; lastKnownFileType = text.plist.xml; path = "MWTTests-Info.plist"; sourceTree = "<group>"; };
		3BD9AB6715DC6C990081642A /* MWTTests.h */ = {isa = PBXFileReference; fileEncoding = 4; lastKnownFileType = sourcecode.c.h; path = MWTTests.h; sourceTree = "<group>"; };
		3BD9AB6815DC6C990081642A /* MWTTests.m */ = {isa = PBXFileReference; fileEncoding = 4; lastKnownFileType = sourcecode.c.objc; path = MWTTests.m; sourceTree = "<group>"; };
/* End PBXFileReference section */

/* Begin PBXFrameworksBuildPhase section */
		3B2BE305158678B100422193 /* Frameworks */ = {
			isa = PBXFrameworksBuildPhase;
			buildActionMask = 2147483647;
			files = (
				3B5D0FA015DC710E000F03FC /* SenTestingKit.framework in Frameworks */,
				3B5D0F9915DC705F000F03FC /* libicucore.dylib in Frameworks */,
				3B0FC95415A5E33C00087094 /* Security.framework in Frameworks */,
				3B2BE30D158678B200422193 /* UIKit.framework in Frameworks */,
				3B2BE30F158678B200422193 /* Foundation.framework in Frameworks */,
				3B2BE311158678B200422193 /* CoreGraphics.framework in Frameworks */,
				3B2BE313158678B200422193 /* CoreData.framework in Frameworks */,
				A1B227BC05AD4F64B9F661CC /* libPods.a in Frameworks */,
			);
			runOnlyForDeploymentPostprocessing = 0;
		};
		3B2BE324158678B200422193 /* Frameworks */ = {
			isa = PBXFrameworksBuildPhase;
			buildActionMask = 2147483647;
			files = (
				3B2BE32A158678B200422193 /* SenTestingKit.framework in Frameworks */,
				3B2BE32B158678B200422193 /* UIKit.framework in Frameworks */,
				3B2BE32C158678B200422193 /* Foundation.framework in Frameworks */,
				3B2BE32D158678B200422193 /* CoreData.framework in Frameworks */,
				8909FF4C4DAD4A2794921768 /* libPods.a in Frameworks */,
			);
			runOnlyForDeploymentPostprocessing = 0;
		};
/* End PBXFrameworksBuildPhase section */

/* Begin PBXGroup section */
		3B0EAFF315DC6EC2002181EF /* Supporting Files */ = {
			isa = PBXGroup;
			children = (
				3B0EAFF415DC6EC2002181EF /* Inflections */,
				3B0EB00C15DC6EC2002181EF /* NetworkUtility */,
			);
			path = "Supporting Files";
			sourceTree = "<group>";
		};
		3B0EAFF415DC6EC2002181EF /* Inflections */ = {
			isa = PBXGroup;
			children = (
				3B0EAFF515DC6EC2002181EF /* .gitignore */,
				3B0EAFF615DC6EC2002181EF /* InfoPlist.strings */,
				3B0EAFF815DC6EC2002181EF /* Inflections.xcodeproj */,
				3B0EAFFB15DC6EC2002181EF /* Inflections_Prefix.pch */,
				3B0EAFFC15DC6EC2002181EF /* InflectionsTestBundle-Info.plist */,
				3B0EAFFD15DC6EC2002181EF /* InflectionsTestCase.h */,
				3B0EAFFE15DC6EC2002181EF /* InflectionsTestCase.m */,
				3B0EAFFF15DC6EC2002181EF /* Info.plist */,
				3B0EB00015DC6EC2002181EF /* MIT-LICENSE */,
				3B0EB00115DC6EC2002181EF /* NSString+Inflections.h */,
				3B0EB00215DC6EC2002181EF /* NSString+Inflections.m */,
				3B0EB00315DC6EC2002181EF /* README.markdown */,
				3B0EB00415DC6EC2002181EF /* RegexKitLite.h */,
				3B0EB00515DC6EC2002181EF /* RegexKitLite.m */,
				3B0EB00615DC6EC2002181EF /* RegKitLite-License.rtf */,
			);
			path = Inflections;
			sourceTree = "<group>";
		};
		3B0EAFF915DC6EC2002181EF /* Products */ = {
			isa = PBXGroup;
			children = (
				3B0EB03115DC6EC2002181EF /* Inflections.framework */,
				3B0EB03315DC6EC2002181EF /* InflectionsTestBundle.octest */,
			);
			name = Products;
			sourceTree = "<group>";
		};
		3B0EB00C15DC6EC2002181EF /* NetworkUtility */ = {
			isa = PBXGroup;
			children = (
				3B0EB00D15DC6EC2002181EF /* .gitignore */,
				3B0EB00E15DC6EC2002181EF /* Keychain */,
				3B0EB01315DC6EC2002181EF /* NetworkUtility.h */,
				3B0EB01415DC6EC2002181EF /* NetworkUtility.m */,
				3B0EB01515DC6EC2002181EF /* README.md */,
				3B0EB01615DC6EC2002181EF /* RemoteNetworkUtility.h */,
				3B0EB01715DC6EC2002181EF /* RemoteNetworkUtility.m */,
			);
			path = NetworkUtility;
			sourceTree = "<group>";
		};
		3B0EB00E15DC6EC2002181EF /* Keychain */ = {
			isa = PBXGroup;
			children = (
				3B0EB00F15DC6EC2002181EF /* HttpUserCredentials.h */,
				3B0EB01015DC6EC2002181EF /* HttpUserCredentials.m */,
				3B0EB01115DC6EC2002181EF /* SFHFKeychainUtils.h */,
				3B0EB01215DC6EC2002181EF /* SFHFKeychainUtils.m */,
			);
			path = Keychain;
			sourceTree = "<group>";
		};
		3B2BE2FD158678B100422193 = {
			isa = PBXGroup;
			children = (
				3BA79FCB15E5F29A00DDD789 /* MWT.h */,
				3BAE42DE15DC739B00E26674 /* MWT */,
				3B5D0F9815DC705F000F03FC /* libicucore.dylib */,
				3B0EAFF315DC6EC2002181EF /* Supporting Files */,
				3BD9AB6315DC6C990081642A /* MWTTests */,
				3B0FC95315A5E33C00087094 /* Security.framework */,
				3B2BE30B158678B200422193 /* Frameworks */,
				3B2BE309158678B200422193 /* Products */,
				2888E76D66824F518715A519 /* Pods.xcconfig */,
			);
			sourceTree = "<group>";
		};
		3B2BE309158678B200422193 /* Products */ = {
			isa = PBXGroup;
			children = (
				3B2BE308158678B200422193 /* MWT.app */,
				3B2BE328158678B200422193 /* MWTTests.octest */,
			);
			name = Products;
			sourceTree = "<group>";
		};
		3B2BE30B158678B200422193 /* Frameworks */ = {
			isa = PBXGroup;
			children = (
				3B2BE30C158678B200422193 /* UIKit.framework */,
				3B2BE30E158678B200422193 /* Foundation.framework */,
				3B2BE310158678B200422193 /* CoreGraphics.framework */,
				3B2BE312158678B200422193 /* CoreData.framework */,
				3B2BE329158678B200422193 /* SenTestingKit.framework */,
				19AB6604567D4D7DA8617EE8 /* libPods.a */,
			);
			name = Frameworks;
			sourceTree = "<group>";
		};
		3BAE42DE15DC739B00E26674 /* MWT */ = {
			isa = PBXGroup;
			children = (
				3BAE42DF15DC739B00E26674 /* App */,
				3BAE42E215DC739B00E26674 /* AppDelegate.h */,
				3BAE42E315DC739B00E26674 /* AppDelegate.m */,
				3BAE42E415DC739B00E26674 /* Config-AppDelegate.plist */,
				3BAE42E515DC739B00E26674 /* InfoPlist.strings */,
				3BAE42E715DC739B00E26674 /* Images */,
				3BAE42F115DC739B00E26674 /* Library */,
				3BAE430A15DC739B00E26674 /* main.m */,
				3BAE430B15DC739B00E26674 /* MWT-Info.plist */,
				3BAE430C15DC739B00E26674 /* MWT-Prefix.pch */,
				3BAE430D15DC739B00E26674 /* MWT.xcdatamodeld */,
				3BAE430F15DC739B00E26674 /* Styles */,
			);
			path = MWT;
			sourceTree = "<group>";
		};
		3BAE42DF15DC739B00E26674 /* App */ = {
			isa = PBXGroup;
			children = (
				3BAE42E015DC739B00E26674 /* FriendsController.h */,
				3BAE42E115DC739B00E26674 /* FriendsController.m */,
			);
			path = App;
			sourceTree = "<group>";
		};
		3BAE42E715DC739B00E26674 /* Images */ = {
			isa = PBXGroup;
			children = (
				3BAE42E815DC739B00E26674 /* disclosure-indicator.png */,
			);
			path = Images;
			sourceTree = "<group>";
		};
		3BAE42F115DC739B00E26674 /* Library */ = {
			isa = PBXGroup;
			children = (
				3BAE434015DC73EB00E26674 /* Javascripts */,
				3BAE42F215DC739B00E26674 /* Categories */,
				3BAE42FF15DC739B00E26674 /* Categories.h */,
				3BAE430015DC739B00E26674 /* Classes.h */,
				3BAE430115DC739B00E26674 /* Functions.h */,
				3BAE430215DC739B00E26674 /* Functions.m */,
				3BAE430315DC739B00E26674 /* Loader.h */,
				3BAE430415DC739B00E26674 /* Loader.m */,
				3BAE430515DC739B00E26674 /* Types.h */,
				3BAE430615DC739B00E26674 /* WebController.h */,
				3BAE430715DC739B00E26674 /* WebController.m */,
				3BAE430815DC739B00E26674 /* WebInterface.h */,
				3BAE430915DC739B00E26674 /* WebInterface.m */,
			);
			path = Library;
			sourceTree = "<group>";
		};
		3BAE42F215DC739B00E26674 /* Categories */ = {
			isa = PBXGroup;
			children = (
				3BAE42F315DC739B00E26674 /* GTMNSString+HTML.h */,
				3BAE42F415DC739B00E26674 /* GTMNSString+HTML.m */,
				3BAE42F515DC739B00E26674 /* NSObject+ObjectConfig.h */,
				3BAE42F615DC739B00E26674 /* NSObject+ObjectConfig.m */,
				3BAE42F715DC739B00E26674 /* NSString+HTML.h */,
				3BAE42F815DC739B00E26674 /* NSString+HTML.m */,
				3BAE42F915DC739B00E26674 /* NSURL+QueryDictionary.h */,
				3BAE42FA15DC739B00E26674 /* NSURL+QueryDictionary.m */,
				3BAE42FB15DC739B00E26674 /* UIWebView+General.h */,
				3BAE42FC15DC739B00E26674 /* UIWebView+General.m */,
				3BAE42FD15DC739B00E26674 /* UIWebView+Interface.h */,
				3BAE42FE15DC739B00E26674 /* UIWebView+Interface.m */,
			);
			path = Categories;
			sourceTree = "<group>";
		};
		3BAE430F15DC739B00E26674 /* Styles */ = {
			isa = PBXGroup;
			children = (
				3BAE431015DC739B00E26674 /* bootstrap-responsive.min.css */,
				3BAE431115DC739B00E26674 /* bootstrap.min.css */,
				3BAE431215DC739B00E26674 /* framework.css */,
				3BAE431315DC739B00E26674 /* Themes */,
			);
			path = Styles;
			sourceTree = "<group>";
		};
		3BAE431315DC739B00E26674 /* Themes */ = {
			isa = PBXGroup;
			children = (
				3BAE431415DC739B00E26674 /* theme-ios.css */,
			);
			path = Themes;
			sourceTree = "<group>";
		};
		3BAE434015DC73EB00E26674 /* Javascripts */ = {
			isa = PBXGroup;
			children = (
				3BAE434115DC73EB00E26674 /* boot.js */,
				3BAE434215DC73EB00E26674 /* jgestures.min.js */,
				3BAE434315DC73EB00E26674 /* jquery-1.7.2.min.js */,
				3BAE434415DC73EB00E26674 /* lib.js */,
				3BAE434515DC73EB00E26674 /* mobile_framework.js */,
				3BAE434615DC73EB00E26674 /* mustache.js */,
				3BAE434715DC73EB00E26674 /* underscore-min.js */,
			);
			name = Javascripts;
			path = MWT/Javascripts;
			sourceTree = SOURCE_ROOT;
		};
		3BD9AB6315DC6C990081642A /* MWTTests */ = {
			isa = PBXGroup;
			children = (
				3BD9AB6415DC6C990081642A /* InfoPlist.strings */,
				3BD9AB6615DC6C990081642A /* MWTTests-Info.plist */,
				3BD9AB6715DC6C990081642A /* MWTTests.h */,
				3BD9AB6815DC6C990081642A /* MWTTests.m */,
			);
			path = MWTTests;
			sourceTree = "<group>";
		};
/* End PBXGroup section */

/* Begin PBXNativeTarget section */
		3B2BE307158678B100422193 /* MWT */ = {
			isa = PBXNativeTarget;
			buildConfigurationList = 3B2BE33B158678B200422193 /* Build configuration list for PBXNativeTarget "MWT" */;
			buildPhases = (
				3B2BE304158678B100422193 /* Sources */,
				3B2BE305158678B100422193 /* Frameworks */,
				3B2BE306158678B100422193 /* Resources */,
				DE9B78F106744DF88255B830 /* Copy Pods Resources */,
			);
			buildRules = (
			);
			dependencies = (
			);
			name = MWT;
			productName = NewFramework;
			productReference = 3B2BE308158678B200422193 /* MWT.app */;
			productType = "com.apple.product-type.application";
		};
		3B2BE327158678B200422193 /* MWTTests */ = {
			isa = PBXNativeTarget;
			buildConfigurationList = 3B2BE33E158678B200422193 /* Build configuration list for PBXNativeTarget "MWTTests" */;
			buildPhases = (
				3B2BE323158678B200422193 /* Sources */,
				3B2BE324158678B200422193 /* Frameworks */,
				3B2BE325158678B200422193 /* Resources */,
				3B2BE326158678B200422193 /* ShellScript */,
				DE9B78F106744DF88255B830 /* Copy Pods Resources */,
			);
			buildRules = (
			);
			dependencies = (
				3B2BE32F158678B200422193 /* PBXTargetDependency */,
			);
			name = MWTTests;
			productName = NewFrameworkTests;
			productReference = 3B2BE328158678B200422193 /* MWTTests.octest */;
			productType = "com.apple.product-type.bundle";
		};
/* End PBXNativeTarget section */

/* Begin PBXProject section */
		3B2BE2FF158678B100422193 /* Project object */ = {
			isa = PBXProject;
			attributes = {
				LastUpgradeCheck = 0420;
				ORGANIZATIONNAME = Cloudbot;
			};
			buildConfigurationList = 3B2BE302158678B100422193 /* Build configuration list for PBXProject "MWT" */;
			compatibilityVersion = "Xcode 3.2";
			developmentRegion = English;
			hasScannedForEncodings = 0;
			knownRegions = (
				en,
				English,
			);
			mainGroup = 3B2BE2FD158678B100422193;
			productRefGroup = 3B2BE309158678B200422193 /* Products */;
			projectDirPath = "";
			projectReferences = (
				{
					ProductGroup = 3B0EAFF915DC6EC2002181EF /* Products */;
					ProjectRef = 3B0EAFF815DC6EC2002181EF /* Inflections.xcodeproj */;
				},
			);
			projectRoot = "";
			targets = (
				3B2BE307158678B100422193 /* MWT */,
				3B2BE327158678B200422193 /* MWTTests */,
			);
		};
/* End PBXProject section */

/* Begin PBXReferenceProxy section */
		3B0EB03115DC6EC2002181EF /* Inflections.framework */ = {
			isa = PBXReferenceProxy;
			fileType = wrapper.framework;
			path = Inflections.framework;
			remoteRef = 3B0EB03015DC6EC2002181EF /* PBXContainerItemProxy */;
			sourceTree = BUILT_PRODUCTS_DIR;
		};
		3B0EB03315DC6EC2002181EF /* InflectionsTestBundle.octest */ = {
			isa = PBXReferenceProxy;
			fileType = wrapper.cfbundle;
			path = InflectionsTestBundle.octest;
			remoteRef = 3B0EB03215DC6EC2002181EF /* PBXContainerItemProxy */;
			sourceTree = BUILT_PRODUCTS_DIR;
		};
/* End PBXReferenceProxy section */

/* Begin PBXResourcesBuildPhase section */
		3B2BE306158678B100422193 /* Resources */ = {
			isa = PBXResourcesBuildPhase;
			buildActionMask = 2147483647;
			files = (
				3BAE435715DC744700E26674 /* boot.js in Resources */,
				3BAE435815DC744700E26674 /* jgestures.min.js in Resources */,
				3BAE435915DC744700E26674 /* jquery-1.7.2.min.js in Resources */,
				3BAE435A15DC744700E26674 /* lib.js in Resources */,
				3BAE435B15DC744700E26674 /* mobile_framework.js in Resources */,
				3BAE435C15DC744700E26674 /* mustache.js in Resources */,
				3BAE435D15DC744700E26674 /* underscore-min.js in Resources */,
				3BD9AB6915DC6C990081642A /* InfoPlist.strings in Resources */,
				3B0EB01C15DC6EC2002181EF /* InfoPlist.strings in Resources */,
				3B0EB01D15DC6EC2002181EF /* InflectionsTestBundle-Info.plist in Resources */,
				3B0EB01F15DC6EC2002181EF /* Info.plist in Resources */,
				3B0EB02015DC6EC2002181EF /* MIT-LICENSE in Resources */,
				3B0EB02215DC6EC2002181EF /* README.markdown in Resources */,
				3B0EB02415DC6EC2002181EF /* RegKitLite-License.rtf in Resources */,
				3BAE431715DC739B00E26674 /* Config-AppDelegate.plist in Resources */,
				3BAE431815DC739B00E26674 /* InfoPlist.strings in Resources */,
				3BAE431915DC739B00E26674 /* disclosure-indicator.png in Resources */,
				3BAE432E15DC739B00E26674 /* bootstrap-responsive.min.css in Resources */,
				3BAE432F15DC739B00E26674 /* bootstrap.min.css in Resources */,
				3BAE433015DC739B00E26674 /* framework.css in Resources */,
				3BAE433115DC739B00E26674 /* theme-ios.css in Resources */,
			);
			runOnlyForDeploymentPostprocessing = 0;
		};
		3B2BE325158678B200422193 /* Resources */ = {
			isa = PBXResourcesBuildPhase;
			buildActionMask = 2147483647;
			files = (
			);
			runOnlyForDeploymentPostprocessing = 0;
		};
/* End PBXResourcesBuildPhase section */

/* Begin PBXShellScriptBuildPhase section */
		3B2BE326158678B200422193 /* ShellScript */ = {
			isa = PBXShellScriptBuildPhase;
			buildActionMask = 2147483647;
			files = (
			);
			inputPaths = (
			);
			outputPaths = (
			);
			runOnlyForDeploymentPostprocessing = 0;
			shellPath = /bin/sh;
			shellScript = "# Run the unit tests in this test bundle.\n\"${SYSTEM_DEVELOPER_DIR}/Tools/RunUnitTests\"\n";
		};
		DE9B78F106744DF88255B830 /* Copy Pods Resources */ = {
			isa = PBXShellScriptBuildPhase;
			buildActionMask = 2147483647;
			files = (
			);
			inputPaths = (
			);
			name = "Copy Pods Resources";
			outputPaths = (
			);
			runOnlyForDeploymentPostprocessing = 0;
			shellPath = /bin/sh;
			shellScript = "\"${SRCROOT}/Pods/Pods-resources.sh\"\n";
		};
/* End PBXShellScriptBuildPhase section */

/* Begin PBXSourcesBuildPhase section */
		3B2BE304158678B100422193 /* Sources */ = {
			isa = PBXSourcesBuildPhase;
			buildActionMask = 2147483647;
			files = (
				3BAE435215DC741500E26674 /* GTMNSString+HTML.m in Sources */,
				3BAE435315DC741500E26674 /* NSObject+ObjectConfig.m in Sources */,
				3BAE435415DC741500E26674 /* NSString+HTML.m in Sources */,
				3BAE435515DC741500E26674 /* NSURL+QueryDictionary.m in Sources */,
				3BAE435615DC741500E26674 /* UIWebView+General.m in Sources */,
				3BAE434F15DC740B00E26674 /* Functions.m in Sources */,
				3BAE435015DC740B00E26674 /* Loader.m in Sources */,
				3BAE435115DC740B00E26674 /* WebController.m in Sources */,
				3BD9AB6B15DC6C990081642A /* MWTTests.m in Sources */,
				3B0EB02115DC6EC2002181EF /* NSString+Inflections.m in Sources */,
				3B0EB02315DC6EC2002181EF /* RegexKitLite.m in Sources */,
				3B0EB02915DC6EC2002181EF /* HttpUserCredentials.m in Sources */,
				3B0EB02A15DC6EC2002181EF /* SFHFKeychainUtils.m in Sources */,
				3B0EB02B15DC6EC2002181EF /* NetworkUtility.m in Sources */,
				3B0EB02D15DC6EC2002181EF /* RemoteNetworkUtility.m in Sources */,
				3BAE431515DC739B00E26674 /* FriendsController.m in Sources */,
				3BAE431615DC739B00E26674 /* AppDelegate.m in Sources */,
				3BAE432615DC739B00E26674 /* UIWebView+Interface.m in Sources */,
				3BAE432A15DC739B00E26674 /* WebInterface.m in Sources */,
				3BAE432B15DC739B00E26674 /* main.m in Sources */,
				3BAE432D15DC739B00E26674 /* MWT.xcdatamodeld in Sources */,
			);
			runOnlyForDeploymentPostprocessing = 0;
		};
		3B2BE323158678B200422193 /* Sources */ = {
			isa = PBXSourcesBuildPhase;
			buildActionMask = 2147483647;
			files = (
			);
			runOnlyForDeploymentPostprocessing = 0;
		};
/* End PBXSourcesBuildPhase section */

/* Begin PBXTargetDependency section */
		3B2BE32F158678B200422193 /* PBXTargetDependency */ = {
			isa = PBXTargetDependency;
			target = 3B2BE307158678B100422193 /* MWT */;
			targetProxy = 3B2BE32E158678B200422193 /* PBXContainerItemProxy */;
		};
/* End PBXTargetDependency section */

/* Begin PBXVariantGroup section */
		3B0EAFF615DC6EC2002181EF /* InfoPlist.strings */ = {
			isa = PBXVariantGroup;
			children = (
				3B0EAFF715DC6EC2002181EF /* English */,
			);
			name = InfoPlist.strings;
			sourceTree = "<group>";
		};
		3BAE42E515DC739B00E26674 /* InfoPlist.strings */ = {
			isa = PBXVariantGroup;
			children = (
				3BAE42E615DC739B00E26674 /* en */,
			);
			name = InfoPlist.strings;
			sourceTree = "<group>";
		};
		3BD9AB6415DC6C990081642A /* InfoPlist.strings */ = {
			isa = PBXVariantGroup;
			children = (
				3BD9AB6515DC6C990081642A /* en */,
			);
			name = InfoPlist.strings;
			sourceTree = "<group>";
		};
/* End PBXVariantGroup section */

/* Begin XCBuildConfiguration section */
		3B2BE339158678B200422193 /* Debug */ = {
			isa = XCBuildConfiguration;
			buildSettings = {
				ALWAYS_SEARCH_USER_PATHS = NO;
				ARCHS = "$(ARCHS_STANDARD_32_BIT)";
				CLANG_ENABLE_OBJC_ARC = YES;
				"CODE_SIGN_IDENTITY[sdk=iphoneos*]" = "iPhone Developer";
				COPY_PHASE_STRIP = NO;
				GCC_C_LANGUAGE_STANDARD = gnu99;
				GCC_DYNAMIC_NO_PIC = NO;
				GCC_OPTIMIZATION_LEVEL = 0;
				GCC_PREPROCESSOR_DEFINITIONS = (
					"DEBUG=1",
					"$(inherited)",
				);
				GCC_SYMBOLS_PRIVATE_EXTERN = NO;
				GCC_VERSION = com.apple.compilers.llvm.clang.1_0;
				GCC_WARN_ABOUT_MISSING_PROTOTYPES = YES;
				GCC_WARN_ABOUT_RETURN_TYPE = YES;
				GCC_WARN_UNUSED_VARIABLE = YES;
				IPHONEOS_DEPLOYMENT_TARGET = 5.0;
				SDKROOT = iphoneos;
				TARGETED_DEVICE_FAMILY = "1,2";
			};
			name = Debug;
		};
		3B2BE33A158678B200422193 /* Release */ = {
			isa = XCBuildConfiguration;
			buildSettings = {
				ALWAYS_SEARCH_USER_PATHS = NO;
				ARCHS = "$(ARCHS_STANDARD_32_BIT)";
				CLANG_ENABLE_OBJC_ARC = YES;
				"CODE_SIGN_IDENTITY[sdk=iphoneos*]" = "iPhone Developer";
				COPY_PHASE_STRIP = YES;
				GCC_C_LANGUAGE_STANDARD = gnu99;
				GCC_VERSION = com.apple.compilers.llvm.clang.1_0;
				GCC_WARN_ABOUT_MISSING_PROTOTYPES = YES;
				GCC_WARN_ABOUT_RETURN_TYPE = YES;
				GCC_WARN_UNUSED_VARIABLE = YES;
				IPHONEOS_DEPLOYMENT_TARGET = 5.0;
				OTHER_CFLAGS = "-DNS_BLOCK_ASSERTIONS=1";
				SDKROOT = iphoneos;
				TARGETED_DEVICE_FAMILY = "1,2";
				VALIDATE_PRODUCT = YES;
			};
			name = Release;
		};
		3B2BE33C158678B200422193 /* Debug */ = {
			isa = XCBuildConfiguration;
			baseConfigurationReference = 2888E76D66824F518715A519 /* Pods.xcconfig */;
			buildSettings = {
				DSTROOT = /tmp/xcodeproj.dst;
				FRAMEWORK_SEARCH_PATHS = (
					"$(SDKROOT)/Developer/Library/Frameworks",
					"$(DEVELOPER_LIBRARY_DIR)/Frameworks",
				);
				GCC_PRECOMPILE_PREFIX_HEADER = YES;
				GCC_PREFIX_HEADER = "MWT/MWT-Prefix.pch";
				GCC_VERSION = com.apple.compilers.llvm.clang.1_0;
				INFOPLIST_FILE = "MWT/MWT-Info.plist";
				PRODUCT_NAME = "$(TARGET_NAME)";
				SKIP_INSTALL = YES;
				WRAPPER_EXTENSION = app;
			};
			name = Debug;
		};
		3B2BE33D158678B200422193 /* Release */ = {
			isa = XCBuildConfiguration;
			baseConfigurationReference = 2888E76D66824F518715A519 /* Pods.xcconfig */;
			buildSettings = {
				DSTROOT = /tmp/xcodeproj.dst;
				FRAMEWORK_SEARCH_PATHS = (
					"$(SDKROOT)/Developer/Library/Frameworks",
					"$(DEVELOPER_LIBRARY_DIR)/Frameworks",
				);
				GCC_PRECOMPILE_PREFIX_HEADER = YES;
				GCC_PREFIX_HEADER = "MWT/MWT-Prefix.pch";
				GCC_VERSION = com.apple.compilers.llvm.clang.1_0;
				INFOPLIST_FILE = "MWT/MWT-Info.plist";
				PRODUCT_NAME = "$(TARGET_NAME)";
				SKIP_INSTALL = YES;
				WRAPPER_EXTENSION = app;
			};
			name = Release;
		};
		3B2BE33F158678B200422193 /* Debug */ = {
			isa = XCBuildConfiguration;
			baseConfigurationReference = 2888E76D66824F518715A519 /* Pods.xcconfig */;
			buildSettings = {
				BUNDLE_LOADER = "$(BUILT_PRODUCTS_DIR)/MWT.app/MWT";
				DSTROOT = /tmp/xcodeproj.dst;
				FRAMEWORK_SEARCH_PATHS = (
					"$(SDKROOT)/Developer/Library/Frameworks",
					"$(DEVELOPER_LIBRARY_DIR)/Frameworks",
				);
				GCC_PRECOMPILE_PREFIX_HEADER = YES;
				GCC_PREFIX_HEADER = "MWT/MWT-Prefix.pch";
				GCC_VERSION = com.apple.compilers.llvm.clang.1_0;
				INFOPLIST_FILE = "MWTTests/NewFrameworkTests-Info.plist";
				PRODUCT_NAME = "$(TARGET_NAME)";
				SKIP_INSTALL = YES;
				TEST_HOST = "$(BUNDLE_LOADER)";
				WRAPPER_EXTENSION = octest;
			};
			name = Debug;
		};
		3B2BE340158678B200422193 /* Release */ = {
			isa = XCBuildConfiguration;
			baseConfigurationReference = 2888E76D66824F518715A519 /* Pods.xcconfig */;
			buildSettings = {
				BUNDLE_LOADER = "$(BUILT_PRODUCTS_DIR)/MWT.app/MWT";
				DSTROOT = /tmp/xcodeproj.dst;
				FRAMEWORK_SEARCH_PATHS = (
					"$(SDKROOT)/Developer/Library/Frameworks",
					"$(DEVELOPER_LIBRARY_DIR)/Frameworks",
				);
				GCC_PRECOMPILE_PREFIX_HEADER = YES;
				GCC_PREFIX_HEADER = "MWT/MWT-Prefix.pch";
				GCC_VERSION = com.apple.compilers.llvm.clang.1_0;
				INFOPLIST_FILE = "MWTTests/NewFrameworkTests-Info.plist";
				PRODUCT_NAME = "$(TARGET_NAME)";
				SKIP_INSTALL = YES;
				TEST_HOST = "$(BUNDLE_LOADER)";
				WRAPPER_EXTENSION = octest;
			};
			name = Release;
		};
/* End XCBuildConfiguration section */

/* Begin XCConfigurationList section */
		3B2BE302158678B100422193 /* Build configuration list for PBXProject "MWT" */ = {
			isa = XCConfigurationList;
			buildConfigurations = (
				3B2BE339158678B200422193 /* Debug */,
				3B2BE33A158678B200422193 /* Release */,
			);
			defaultConfigurationIsVisible = 0;
			defaultConfigurationName = Release;
		};
		3B2BE33B158678B200422193 /* Build configuration list for PBXNativeTarget "MWT" */ = {
			isa = XCConfigurationList;
			buildConfigurations = (
				3B2BE33C158678B200422193 /* Debug */,
				3B2BE33D158678B200422193 /* Release */,
			);
			defaultConfigurationIsVisible = 0;
			defaultConfigurationName = Release;
		};
		3B2BE33E158678B200422193 /* Build configuration list for PBXNativeTarget "MWTTests" */ = {
			isa = XCConfigurationList;
			buildConfigurations = (
				3B2BE33F158678B200422193 /* Debug */,
				3B2BE340158678B200422193 /* Release */,
			);
			defaultConfigurationIsVisible = 0;
			defaultConfigurationName = Release;
		};
/* End XCConfigurationList section */

/* Begin XCVersionGroup section */
		3BAE430D15DC739B00E26674 /* MWT.xcdatamodeld */ = {
			isa = XCVersionGroup;
			children = (
				3BAE430E15DC739B00E26674 /* MWT.xcdatamodel */,
			);
			currentVersion = 3BAE430E15DC739B00E26674 /* MWT.xcdatamodel */;
			path = MWT.xcdatamodeld;
			sourceTree = "<group>";
			versionGroupType = wrapper.xcdatamodel;
		};
/* End XCVersionGroup section */
	};
	rootObject = 3B2BE2FF158678B100422193 /* Project object */;
}
